
Microsoft Visual Studio Solution File, Format Version 12.00
# Visual Studio 15
VisualStudioVersion = 15.0.26124.0
MinimumVisualStudioVersion = 15.0.26124.0
Project("{2150E333-8FDC-42A3-9474-1A3956D46DE8}") = "src", "src", "{F09D49BE-8382-477A-AE4A-F89346B56471}"
EndProject
Project("{FAE04EC0-301F-11D3-BF4B-00C04F79EFBC}") = "Kosmograph.LiteDb", "src\Kosmograph.LiteDb\Kosmograph.LiteDb.csproj", "{28A8B0B7-A988-4F74-9091-5DAD0CB14D59}"
EndProject
Project("{FAE04EC0-301F-11D3-BF4B-00C04F79EFBC}") = "Kosmograph.Model", "src\Kosmograph.Model\Kosmograph.Model.csproj", "{89824D16-940A-4B72-9F23-A4F5AB487E8C}"
EndProject
Project("{2150E333-8FDC-42A3-9474-1A3956D46DE8}") = "test", "test", "{33D0FC38-3145-4846-B6F5-258E835BA95D}"
EndProject
Project("{FAE04EC0-301F-11D3-BF4B-00C04F79EFBC}") = "Kosmograph.LiteDb.Test", "test\Kosmograph.LiteDb.Test\Kosmograph.LiteDb.Test.csproj", "{D3A434D5-6C2A-4550-BE92-EDB2252D2108}"
EndProject
Global
	GlobalSection(SolutionConfigurationPlatforms) = preSolution
		Debug|Any CPU = Debug|Any CPU
		Debug|x64 = Debug|x64
		Debug|x86 = Debug|x86
		Release|Any CPU = Release|Any CPU
		Release|x64 = Release|x64
		Release|x86 = Release|x86
	EndGlobalSection
	GlobalSection(SolutionProperties) = preSolution
		HideSolutionNode = FALSE
	EndGlobalSection
	GlobalSection(ProjectConfigurationPlatforms) = postSolution
		{28A8B0B7-A988-4F74-9091-5DAD0CB14D59}.Debug|Any CPU.ActiveCfg = Debug|Any CPU
		{28A8B0B7-A988-4F74-9091-5DAD0CB14D59}.Debug|Any CPU.Build.0 = Debug|Any CPU
		{28A8B0B7-A988-4F74-9091-5DAD0CB14D59}.Debug|x64.ActiveCfg = Debug|Any CPU
		{28A8B0B7-A988-4F74-9091-5DAD0CB14D59}.Debug|x64.Build.0 = Debug|Any CPU
		{28A8B0B7-A988-4F74-9091-5DAD0CB14D59}.Debug|x86.ActiveCfg = Debug|Any CPU
		{28A8B0B7-A988-4F74-9091-5DAD0CB14D59}.Debug|x86.Build.0 = Debug|Any CPU
		{28A8B0B7-A988-4F74-9091-5DAD0CB14D59}.Release|Any CPU.ActiveCfg = Release|Any CPU
		{28A8B0B7-A988-4F74-9091-5DAD0CB14D59}.Release|Any CPU.Build.0 = Release|Any CPU
		{28A8B0B7-A988-4F74-9091-5DAD0CB14D59}.Release|x64.ActiveCfg = Release|Any CPU
		{28A8B0B7-A988-4F74-9091-5DAD0CB14D59}.Release|x64.Build.0 = Release|Any CPU
		{28A8B0B7-A988-4F74-9091-5DAD0CB14D59}.Release|x86.ActiveCfg = Release|Any CPU
		{28A8B0B7-A988-4F74-9091-5DAD0CB14D59}.Release|x86.Build.0 = Release|Any CPU
		{89824D16-940A-4B72-9F23-A4F5AB487E8C}.Debug|Any CPU.ActiveCfg = Debug|Any CPU
		{89824D16-940A-4B72-9F23-A4F5AB487E8C}.Debug|Any CPU.Build.0 = Debug|Any CPU
		{89824D16-940A-4B72-9F23-A4F5AB487E8C}.Debug|x64.ActiveCfg = Debug|Any CPU
		{89824D16-940A-4B72-9F23-A4F5AB487E8C}.Debug|x64.Build.0 = Debug|Any CPU
		{89824D16-940A-4B72-9F23-A4F5AB487E8C}.Debug|x86.ActiveCfg = Debug|Any CPU
		{89824D16-940A-4B72-9F23-A4F5AB487E8C}.Debug|x86.Build.0 = Debug|Any CPU
		{89824D16-940A-4B72-9F23-A4F5AB487E8C}.Release|Any CPU.ActiveCfg = Release|Any CPU
		{89824D16-940A-4B72-9F23-A4F5AB487E8C}.Release|Any CPU.Build.0 = Release|Any CPU
		{89824D16-940A-4B72-9F23-A4F5AB487E8C}.Release|x64.ActiveCfg = Release|Any CPU
		{89824D16-940A-4B72-9F23-A4F5AB487E8C}.Release|x64.Build.0 = Release|Any CPU
		{89824D16-940A-4B72-9F23-A4F5AB487E8C}.Release|x86.ActiveCfg = Release|Any CPU
		{89824D16-940A-4B72-9F23-A4F5AB487E8C}.Release|x86.Build.0 = Release|Any CPU
		{D3A434D5-6C2A-4550-BE92-EDB2252D2108}.Debug|Any CPU.ActiveCfg = Debug|Any CPU
		{D3A434D5-6C2A-4550-BE92-EDB2252D2108}.Debug|Any CPU.Build.0 = Debug|Any CPU
		{D3A434D5-6C2A-4550-BE92-EDB2252D2108}.Debug|x64.ActiveCfg = Debug|Any CPU
		{D3A434D5-6C2A-4550-BE92-EDB2252D2108}.Debug|x64.Build.0 = Debug|Any CPU
		{D3A434D5-6C2A-4550-BE92-EDB2252D2108}.Debug|x86.ActiveCfg = Debug|Any CPU
		{D3A434D5-6C2A-4550-BE92-EDB2252D2108}.Debug|x86.Build.0 = Debug|Any CPU
		{D3A434D5-6C2A-4550-BE92-EDB2252D2108}.Release|Any CPU.ActiveCfg = Release|Any CPU
		{D3A434D5-6C2A-4550-BE92-EDB2252D2108}.Release|Any CPU.Build.0 = Release|Any CPU
		{D3A434D5-6C2A-4550-BE92-EDB2252D2108}.Release|x64.ActiveCfg = Release|Any CPU
		{D3A434D5-6C2A-4550-BE92-EDB2252D2108}.Release|x64.Build.0 = Release|Any CPU
		{D3A434D5-6C2A-4550-BE92-EDB2252D2108}.Release|x86.ActiveCfg = Release|Any CPU
		{D3A434D5-6C2A-4550-BE92-EDB2252D2108}.Release|x86.Build.0 = Release|Any CPU
	EndGlobalSection
	GlobalSection(NestedProjects) = preSolution
		{28A8B0B7-A988-4F74-9091-5DAD0CB14D59} = {F09D49BE-8382-477A-AE4A-F89346B56471}
		{89824D16-940A-4B72-9F23-A4F5AB487E8C} = {F09D49BE-8382-477A-AE4A-F89346B56471}
		{D3A434D5-6C2A-4550-BE92-EDB2252D2108} = {33D0FC38-3145-4846-B6F5-258E835BA95D}
	EndGlobalSection
EndGlobal
