
Microsoft Visual Studio Solution File, Format Version 12.00
# Visual Studio Version 16
VisualStudioVersion = 16.0.28803.202
MinimumVisualStudioVersion = 15.0.26124.0
Project("{2150E333-8FDC-42A3-9474-1A3956D46DE8}") = "src", "src", "{F09D49BE-8382-477A-AE4A-F89346B56471}"
EndProject
Project("{2150E333-8FDC-42A3-9474-1A3956D46DE8}") = "test", "test", "{33D0FC38-3145-4846-B6F5-258E835BA95D}"
EndProject
Project("{2150E333-8FDC-42A3-9474-1A3956D46DE8}") = "P2F", "P2F", "{070BAC2A-AFC7-477E-84C4-2438F00551C4}"
EndProject
Project("{9A19103F-16F7-4668-BE54-9A1E7A4F7556}") = "CodeOwls.PowerShell.Provider", "src\p2f\src\CodeOwls.PowerShell\CodeOwls.PowerShell.Provider\CodeOwls.PowerShell.Provider.csproj", "{B352375B-7C58-4943-95C0-14871E17A208}"
EndProject
Project("{9A19103F-16F7-4668-BE54-9A1E7A4F7556}") = "CodeOwls.PowerShell.Paths", "src\p2f\src\CodeOwls.PowerShell\CodeOwls.PowerShell.Paths\CodeOwls.PowerShell.Paths.csproj", "{ED0453C7-C25A-4354-AC7A-046846D5E7FF}"
EndProject
Project("{9A19103F-16F7-4668-BE54-9A1E7A4F7556}") = "TreeStore.LiteDb", "src\TreeStore.LiteDb\TreeStore.LiteDb.csproj", "{25099D9A-CB93-43D8-BB4A-CE08945644A8}"
EndProject
Project("{9A19103F-16F7-4668-BE54-9A1E7A4F7556}") = "TreeStore.Messaging", "src\TreeStore.Messaging\TreeStore.Messaging.csproj", "{C80E4DF4-82BE-47E7-884A-237E367B4066}"
EndProject
Project("{9A19103F-16F7-4668-BE54-9A1E7A4F7556}") = "TreeStore.Model", "src\TreeStore.Model\TreeStore.Model.csproj", "{BA1D4351-21AF-42E8-A7E3-DC899FA1E129}"
EndProject
Project("{9A19103F-16F7-4668-BE54-9A1E7A4F7556}") = "TreeStore.PsModule", "src\TreeStore.PsModule\TreeStore.PsModule.csproj", "{173905E2-2D0D-4C3A-BB13-66EAC6FDD859}"
EndProject
Project("{9A19103F-16F7-4668-BE54-9A1E7A4F7556}") = "TreeStore.LiteDb.Test", "test\TreeStore.LiteDb.Test\TreeStore.LiteDb.Test.csproj", "{F8CCFA18-264D-4995-A1FC-50D429F6AEEE}"
EndProject
Project("{9A19103F-16F7-4668-BE54-9A1E7A4F7556}") = "TreeStore.Model.Test", "test\TreeStore.Model.Test\TreeStore.Model.Test.csproj", "{3F1D3F90-9F85-4D65-9565-67D97674F72E}"
EndProject
Project("{9A19103F-16F7-4668-BE54-9A1E7A4F7556}") = "TreeStore.PsModule.Test", "test\TreeStore.PsModule.Test\TreeStore.PsModule.Test.csproj", "{02C62ED6-2E8E-4B7F-8878-C843A4013038}"
EndProject
Project("{9A19103F-16F7-4668-BE54-9A1E7A4F7556}") = "TreeStore.Messaging.Test", "test\TreeStore.Messaging.Test\TreeStore.Messaging.Test.csproj", "{0B0D3AD4-3497-42CC-A8B4-AA1BFB1C7A1D}"
EndProject
Global
	GlobalSection(SolutionConfigurationPlatforms) = preSolution
		CutRelease|Any CPU = CutRelease|Any CPU
		CutRelease|x64 = CutRelease|x64
		CutRelease|x86 = CutRelease|x86
		Debug Surface Graph Viewer|Any CPU = Debug Surface Graph Viewer|Any CPU
		Debug Surface Graph Viewer|x64 = Debug Surface Graph Viewer|x64
		Debug Surface Graph Viewer|x86 = Debug Surface Graph Viewer|x86
		Debug|Any CPU = Debug|Any CPU
		Debug|x64 = Debug|x64
		Debug|x86 = Debug|x86
		DebugDevTrace|Any CPU = DebugDevTrace|Any CPU
		DebugDevTrace|x64 = DebugDevTrace|x64
		DebugDevTrace|x86 = DebugDevTrace|x86
		DebugSurface|Any CPU = DebugSurface|Any CPU
		DebugSurface|x64 = DebugSurface|x64
		DebugSurface|x86 = DebugSurface|x86
		DebugWithoutRebuild|Any CPU = DebugWithoutRebuild|Any CPU
		DebugWithoutRebuild|x64 = DebugWithoutRebuild|x64
		DebugWithoutRebuild|x86 = DebugWithoutRebuild|x86
		MinimalMsagl|Any CPU = MinimalMsagl|Any CPU
		MinimalMsagl|x64 = MinimalMsagl|x64
		MinimalMsagl|x86 = MinimalMsagl|x86
		Release|Any CPU = Release|Any CPU
		Release|x64 = Release|x64
		Release|x86 = Release|x86
		Retail|Any CPU = Retail|Any CPU
		Retail|x64 = Retail|x64
		Retail|x86 = Retail|x86
		Setup|Any CPU = Setup|Any CPU
		Setup|x64 = Setup|x64
		Setup|x86 = Setup|x86
		Surface Graph Viewer - Debug|Any CPU = Surface Graph Viewer - Debug|Any CPU
		Surface Graph Viewer - Debug|x64 = Surface Graph Viewer - Debug|x64
		Surface Graph Viewer - Debug|x86 = Surface Graph Viewer - Debug|x86
		Surface Graph Viewer - Release|Any CPU = Surface Graph Viewer - Release|Any CPU
		Surface Graph Viewer - Release|x64 = Surface Graph Viewer - Release|x64
		Surface Graph Viewer - Release|x86 = Surface Graph Viewer - Release|x86
	EndGlobalSection
	GlobalSection(ProjectConfigurationPlatforms) = postSolution
		{B352375B-7C58-4943-95C0-14871E17A208}.CutRelease|Any CPU.ActiveCfg = Release|Any CPU
		{B352375B-7C58-4943-95C0-14871E17A208}.CutRelease|Any CPU.Build.0 = Release|Any CPU
		{B352375B-7C58-4943-95C0-14871E17A208}.CutRelease|x64.ActiveCfg = Release|Any CPU
		{B352375B-7C58-4943-95C0-14871E17A208}.CutRelease|x64.Build.0 = Release|Any CPU
		{B352375B-7C58-4943-95C0-14871E17A208}.CutRelease|x86.ActiveCfg = Release|Any CPU
		{B352375B-7C58-4943-95C0-14871E17A208}.CutRelease|x86.Build.0 = Release|Any CPU
		{B352375B-7C58-4943-95C0-14871E17A208}.Debug Surface Graph Viewer|Any CPU.ActiveCfg = Debug|Any CPU
		{B352375B-7C58-4943-95C0-14871E17A208}.Debug Surface Graph Viewer|Any CPU.Build.0 = Debug|Any CPU
		{B352375B-7C58-4943-95C0-14871E17A208}.Debug Surface Graph Viewer|x64.ActiveCfg = Debug|Any CPU
		{B352375B-7C58-4943-95C0-14871E17A208}.Debug Surface Graph Viewer|x64.Build.0 = Debug|Any CPU
		{B352375B-7C58-4943-95C0-14871E17A208}.Debug Surface Graph Viewer|x86.ActiveCfg = Debug|Any CPU
		{B352375B-7C58-4943-95C0-14871E17A208}.Debug Surface Graph Viewer|x86.Build.0 = Debug|Any CPU
		{B352375B-7C58-4943-95C0-14871E17A208}.Debug|Any CPU.ActiveCfg = Debug|Any CPU
		{B352375B-7C58-4943-95C0-14871E17A208}.Debug|Any CPU.Build.0 = Debug|Any CPU
		{B352375B-7C58-4943-95C0-14871E17A208}.Debug|x64.ActiveCfg = Debug|Any CPU
		{B352375B-7C58-4943-95C0-14871E17A208}.Debug|x64.Build.0 = Debug|Any CPU
		{B352375B-7C58-4943-95C0-14871E17A208}.Debug|x86.ActiveCfg = Debug|Any CPU
		{B352375B-7C58-4943-95C0-14871E17A208}.Debug|x86.Build.0 = Debug|Any CPU
		{B352375B-7C58-4943-95C0-14871E17A208}.DebugDevTrace|Any CPU.ActiveCfg = Debug|Any CPU
		{B352375B-7C58-4943-95C0-14871E17A208}.DebugDevTrace|Any CPU.Build.0 = Debug|Any CPU
		{B352375B-7C58-4943-95C0-14871E17A208}.DebugDevTrace|x64.ActiveCfg = Debug|Any CPU
		{B352375B-7C58-4943-95C0-14871E17A208}.DebugDevTrace|x64.Build.0 = Debug|Any CPU
		{B352375B-7C58-4943-95C0-14871E17A208}.DebugDevTrace|x86.ActiveCfg = Debug|Any CPU
		{B352375B-7C58-4943-95C0-14871E17A208}.DebugDevTrace|x86.Build.0 = Debug|Any CPU
		{B352375B-7C58-4943-95C0-14871E17A208}.DebugSurface|Any CPU.ActiveCfg = Debug|Any CPU
		{B352375B-7C58-4943-95C0-14871E17A208}.DebugSurface|Any CPU.Build.0 = Debug|Any CPU
		{B352375B-7C58-4943-95C0-14871E17A208}.DebugSurface|x64.ActiveCfg = Debug|Any CPU
		{B352375B-7C58-4943-95C0-14871E17A208}.DebugSurface|x64.Build.0 = Debug|Any CPU
		{B352375B-7C58-4943-95C0-14871E17A208}.DebugSurface|x86.ActiveCfg = Debug|Any CPU
		{B352375B-7C58-4943-95C0-14871E17A208}.DebugSurface|x86.Build.0 = Debug|Any CPU
		{B352375B-7C58-4943-95C0-14871E17A208}.DebugWithoutRebuild|Any CPU.ActiveCfg = Debug|Any CPU
		{B352375B-7C58-4943-95C0-14871E17A208}.DebugWithoutRebuild|Any CPU.Build.0 = Debug|Any CPU
		{B352375B-7C58-4943-95C0-14871E17A208}.DebugWithoutRebuild|x64.ActiveCfg = Debug|Any CPU
		{B352375B-7C58-4943-95C0-14871E17A208}.DebugWithoutRebuild|x64.Build.0 = Debug|Any CPU
		{B352375B-7C58-4943-95C0-14871E17A208}.DebugWithoutRebuild|x86.ActiveCfg = Debug|Any CPU
		{B352375B-7C58-4943-95C0-14871E17A208}.DebugWithoutRebuild|x86.Build.0 = Debug|Any CPU
		{B352375B-7C58-4943-95C0-14871E17A208}.MinimalMsagl|Any CPU.ActiveCfg = Release|Any CPU
		{B352375B-7C58-4943-95C0-14871E17A208}.MinimalMsagl|Any CPU.Build.0 = Release|Any CPU
		{B352375B-7C58-4943-95C0-14871E17A208}.MinimalMsagl|x64.ActiveCfg = Release|Any CPU
		{B352375B-7C58-4943-95C0-14871E17A208}.MinimalMsagl|x64.Build.0 = Release|Any CPU
		{B352375B-7C58-4943-95C0-14871E17A208}.MinimalMsagl|x86.ActiveCfg = Debug|Any CPU
		{B352375B-7C58-4943-95C0-14871E17A208}.MinimalMsagl|x86.Build.0 = Debug|Any CPU
		{B352375B-7C58-4943-95C0-14871E17A208}.Release|Any CPU.ActiveCfg = Release|Any CPU
		{B352375B-7C58-4943-95C0-14871E17A208}.Release|Any CPU.Build.0 = Release|Any CPU
		{B352375B-7C58-4943-95C0-14871E17A208}.Release|x64.ActiveCfg = Release|Any CPU
		{B352375B-7C58-4943-95C0-14871E17A208}.Release|x64.Build.0 = Release|Any CPU
		{B352375B-7C58-4943-95C0-14871E17A208}.Release|x86.ActiveCfg = Release|Any CPU
		{B352375B-7C58-4943-95C0-14871E17A208}.Release|x86.Build.0 = Release|Any CPU
		{B352375B-7C58-4943-95C0-14871E17A208}.Retail|Any CPU.ActiveCfg = Release|Any CPU
		{B352375B-7C58-4943-95C0-14871E17A208}.Retail|Any CPU.Build.0 = Release|Any CPU
		{B352375B-7C58-4943-95C0-14871E17A208}.Retail|x64.ActiveCfg = Release|Any CPU
		{B352375B-7C58-4943-95C0-14871E17A208}.Retail|x64.Build.0 = Release|Any CPU
		{B352375B-7C58-4943-95C0-14871E17A208}.Retail|x86.ActiveCfg = Release|Any CPU
		{B352375B-7C58-4943-95C0-14871E17A208}.Retail|x86.Build.0 = Release|Any CPU
		{B352375B-7C58-4943-95C0-14871E17A208}.Setup|Any CPU.ActiveCfg = Release|Any CPU
		{B352375B-7C58-4943-95C0-14871E17A208}.Setup|Any CPU.Build.0 = Release|Any CPU
		{B352375B-7C58-4943-95C0-14871E17A208}.Setup|x64.ActiveCfg = Release|Any CPU
		{B352375B-7C58-4943-95C0-14871E17A208}.Setup|x64.Build.0 = Release|Any CPU
		{B352375B-7C58-4943-95C0-14871E17A208}.Setup|x86.ActiveCfg = Debug|Any CPU
		{B352375B-7C58-4943-95C0-14871E17A208}.Setup|x86.Build.0 = Debug|Any CPU
		{B352375B-7C58-4943-95C0-14871E17A208}.Surface Graph Viewer - Debug|Any CPU.ActiveCfg = Debug|Any CPU
		{B352375B-7C58-4943-95C0-14871E17A208}.Surface Graph Viewer - Debug|Any CPU.Build.0 = Debug|Any CPU
		{B352375B-7C58-4943-95C0-14871E17A208}.Surface Graph Viewer - Debug|x64.ActiveCfg = Debug|Any CPU
		{B352375B-7C58-4943-95C0-14871E17A208}.Surface Graph Viewer - Debug|x64.Build.0 = Debug|Any CPU
		{B352375B-7C58-4943-95C0-14871E17A208}.Surface Graph Viewer - Debug|x86.ActiveCfg = Debug|Any CPU
		{B352375B-7C58-4943-95C0-14871E17A208}.Surface Graph Viewer - Debug|x86.Build.0 = Debug|Any CPU
		{B352375B-7C58-4943-95C0-14871E17A208}.Surface Graph Viewer - Release|Any CPU.ActiveCfg = Release|Any CPU
		{B352375B-7C58-4943-95C0-14871E17A208}.Surface Graph Viewer - Release|Any CPU.Build.0 = Release|Any CPU
		{B352375B-7C58-4943-95C0-14871E17A208}.Surface Graph Viewer - Release|x64.ActiveCfg = Release|Any CPU
		{B352375B-7C58-4943-95C0-14871E17A208}.Surface Graph Viewer - Release|x64.Build.0 = Release|Any CPU
		{B352375B-7C58-4943-95C0-14871E17A208}.Surface Graph Viewer - Release|x86.ActiveCfg = Release|Any CPU
		{B352375B-7C58-4943-95C0-14871E17A208}.Surface Graph Viewer - Release|x86.Build.0 = Release|Any CPU
		{ED0453C7-C25A-4354-AC7A-046846D5E7FF}.CutRelease|Any CPU.ActiveCfg = Release|Any CPU
		{ED0453C7-C25A-4354-AC7A-046846D5E7FF}.CutRelease|Any CPU.Build.0 = Release|Any CPU
		{ED0453C7-C25A-4354-AC7A-046846D5E7FF}.CutRelease|x64.ActiveCfg = Release|Any CPU
		{ED0453C7-C25A-4354-AC7A-046846D5E7FF}.CutRelease|x64.Build.0 = Release|Any CPU
		{ED0453C7-C25A-4354-AC7A-046846D5E7FF}.CutRelease|x86.ActiveCfg = Release|Any CPU
		{ED0453C7-C25A-4354-AC7A-046846D5E7FF}.CutRelease|x86.Build.0 = Release|Any CPU
		{ED0453C7-C25A-4354-AC7A-046846D5E7FF}.Debug Surface Graph Viewer|Any CPU.ActiveCfg = Debug|Any CPU
		{ED0453C7-C25A-4354-AC7A-046846D5E7FF}.Debug Surface Graph Viewer|Any CPU.Build.0 = Debug|Any CPU
		{ED0453C7-C25A-4354-AC7A-046846D5E7FF}.Debug Surface Graph Viewer|x64.ActiveCfg = Debug|Any CPU
		{ED0453C7-C25A-4354-AC7A-046846D5E7FF}.Debug Surface Graph Viewer|x64.Build.0 = Debug|Any CPU
		{ED0453C7-C25A-4354-AC7A-046846D5E7FF}.Debug Surface Graph Viewer|x86.ActiveCfg = Debug|Any CPU
		{ED0453C7-C25A-4354-AC7A-046846D5E7FF}.Debug Surface Graph Viewer|x86.Build.0 = Debug|Any CPU
		{ED0453C7-C25A-4354-AC7A-046846D5E7FF}.Debug|Any CPU.ActiveCfg = Debug|Any CPU
		{ED0453C7-C25A-4354-AC7A-046846D5E7FF}.Debug|Any CPU.Build.0 = Debug|Any CPU
		{ED0453C7-C25A-4354-AC7A-046846D5E7FF}.Debug|x64.ActiveCfg = Debug|Any CPU
		{ED0453C7-C25A-4354-AC7A-046846D5E7FF}.Debug|x64.Build.0 = Debug|Any CPU
		{ED0453C7-C25A-4354-AC7A-046846D5E7FF}.Debug|x86.ActiveCfg = Debug|Any CPU
		{ED0453C7-C25A-4354-AC7A-046846D5E7FF}.Debug|x86.Build.0 = Debug|Any CPU
		{ED0453C7-C25A-4354-AC7A-046846D5E7FF}.DebugDevTrace|Any CPU.ActiveCfg = Debug|Any CPU
		{ED0453C7-C25A-4354-AC7A-046846D5E7FF}.DebugDevTrace|Any CPU.Build.0 = Debug|Any CPU
		{ED0453C7-C25A-4354-AC7A-046846D5E7FF}.DebugDevTrace|x64.ActiveCfg = Debug|Any CPU
		{ED0453C7-C25A-4354-AC7A-046846D5E7FF}.DebugDevTrace|x64.Build.0 = Debug|Any CPU
		{ED0453C7-C25A-4354-AC7A-046846D5E7FF}.DebugDevTrace|x86.ActiveCfg = Debug|Any CPU
		{ED0453C7-C25A-4354-AC7A-046846D5E7FF}.DebugDevTrace|x86.Build.0 = Debug|Any CPU
		{ED0453C7-C25A-4354-AC7A-046846D5E7FF}.DebugSurface|Any CPU.ActiveCfg = Debug|Any CPU
		{ED0453C7-C25A-4354-AC7A-046846D5E7FF}.DebugSurface|Any CPU.Build.0 = Debug|Any CPU
		{ED0453C7-C25A-4354-AC7A-046846D5E7FF}.DebugSurface|x64.ActiveCfg = Debug|Any CPU
		{ED0453C7-C25A-4354-AC7A-046846D5E7FF}.DebugSurface|x64.Build.0 = Debug|Any CPU
		{ED0453C7-C25A-4354-AC7A-046846D5E7FF}.DebugSurface|x86.ActiveCfg = Debug|Any CPU
		{ED0453C7-C25A-4354-AC7A-046846D5E7FF}.DebugSurface|x86.Build.0 = Debug|Any CPU
		{ED0453C7-C25A-4354-AC7A-046846D5E7FF}.DebugWithoutRebuild|Any CPU.ActiveCfg = Debug|Any CPU
		{ED0453C7-C25A-4354-AC7A-046846D5E7FF}.DebugWithoutRebuild|Any CPU.Build.0 = Debug|Any CPU
		{ED0453C7-C25A-4354-AC7A-046846D5E7FF}.DebugWithoutRebuild|x64.ActiveCfg = Debug|Any CPU
		{ED0453C7-C25A-4354-AC7A-046846D5E7FF}.DebugWithoutRebuild|x64.Build.0 = Debug|Any CPU
		{ED0453C7-C25A-4354-AC7A-046846D5E7FF}.DebugWithoutRebuild|x86.ActiveCfg = Debug|Any CPU
		{ED0453C7-C25A-4354-AC7A-046846D5E7FF}.DebugWithoutRebuild|x86.Build.0 = Debug|Any CPU
		{ED0453C7-C25A-4354-AC7A-046846D5E7FF}.MinimalMsagl|Any CPU.ActiveCfg = Release|Any CPU
		{ED0453C7-C25A-4354-AC7A-046846D5E7FF}.MinimalMsagl|Any CPU.Build.0 = Release|Any CPU
		{ED0453C7-C25A-4354-AC7A-046846D5E7FF}.MinimalMsagl|x64.ActiveCfg = Release|Any CPU
		{ED0453C7-C25A-4354-AC7A-046846D5E7FF}.MinimalMsagl|x64.Build.0 = Release|Any CPU
		{ED0453C7-C25A-4354-AC7A-046846D5E7FF}.MinimalMsagl|x86.ActiveCfg = Debug|Any CPU
		{ED0453C7-C25A-4354-AC7A-046846D5E7FF}.MinimalMsagl|x86.Build.0 = Debug|Any CPU
		{ED0453C7-C25A-4354-AC7A-046846D5E7FF}.Release|Any CPU.ActiveCfg = Release|Any CPU
		{ED0453C7-C25A-4354-AC7A-046846D5E7FF}.Release|Any CPU.Build.0 = Release|Any CPU
		{ED0453C7-C25A-4354-AC7A-046846D5E7FF}.Release|x64.ActiveCfg = Release|Any CPU
		{ED0453C7-C25A-4354-AC7A-046846D5E7FF}.Release|x64.Build.0 = Release|Any CPU
		{ED0453C7-C25A-4354-AC7A-046846D5E7FF}.Release|x86.ActiveCfg = Release|Any CPU
		{ED0453C7-C25A-4354-AC7A-046846D5E7FF}.Release|x86.Build.0 = Release|Any CPU
		{ED0453C7-C25A-4354-AC7A-046846D5E7FF}.Retail|Any CPU.ActiveCfg = Release|Any CPU
		{ED0453C7-C25A-4354-AC7A-046846D5E7FF}.Retail|Any CPU.Build.0 = Release|Any CPU
		{ED0453C7-C25A-4354-AC7A-046846D5E7FF}.Retail|x64.ActiveCfg = Release|Any CPU
		{ED0453C7-C25A-4354-AC7A-046846D5E7FF}.Retail|x64.Build.0 = Release|Any CPU
		{ED0453C7-C25A-4354-AC7A-046846D5E7FF}.Retail|x86.ActiveCfg = Release|Any CPU
		{ED0453C7-C25A-4354-AC7A-046846D5E7FF}.Retail|x86.Build.0 = Release|Any CPU
		{ED0453C7-C25A-4354-AC7A-046846D5E7FF}.Setup|Any CPU.ActiveCfg = Release|Any CPU
		{ED0453C7-C25A-4354-AC7A-046846D5E7FF}.Setup|Any CPU.Build.0 = Release|Any CPU
		{ED0453C7-C25A-4354-AC7A-046846D5E7FF}.Setup|x64.ActiveCfg = Release|Any CPU
		{ED0453C7-C25A-4354-AC7A-046846D5E7FF}.Setup|x64.Build.0 = Release|Any CPU
		{ED0453C7-C25A-4354-AC7A-046846D5E7FF}.Setup|x86.ActiveCfg = Debug|Any CPU
		{ED0453C7-C25A-4354-AC7A-046846D5E7FF}.Setup|x86.Build.0 = Debug|Any CPU
		{ED0453C7-C25A-4354-AC7A-046846D5E7FF}.Surface Graph Viewer - Debug|Any CPU.ActiveCfg = Debug|Any CPU
		{ED0453C7-C25A-4354-AC7A-046846D5E7FF}.Surface Graph Viewer - Debug|Any CPU.Build.0 = Debug|Any CPU
		{ED0453C7-C25A-4354-AC7A-046846D5E7FF}.Surface Graph Viewer - Debug|x64.ActiveCfg = Debug|Any CPU
		{ED0453C7-C25A-4354-AC7A-046846D5E7FF}.Surface Graph Viewer - Debug|x64.Build.0 = Debug|Any CPU
		{ED0453C7-C25A-4354-AC7A-046846D5E7FF}.Surface Graph Viewer - Debug|x86.ActiveCfg = Debug|Any CPU
		{ED0453C7-C25A-4354-AC7A-046846D5E7FF}.Surface Graph Viewer - Debug|x86.Build.0 = Debug|Any CPU
		{ED0453C7-C25A-4354-AC7A-046846D5E7FF}.Surface Graph Viewer - Release|Any CPU.ActiveCfg = Release|Any CPU
		{ED0453C7-C25A-4354-AC7A-046846D5E7FF}.Surface Graph Viewer - Release|Any CPU.Build.0 = Release|Any CPU
		{ED0453C7-C25A-4354-AC7A-046846D5E7FF}.Surface Graph Viewer - Release|x64.ActiveCfg = Release|Any CPU
		{ED0453C7-C25A-4354-AC7A-046846D5E7FF}.Surface Graph Viewer - Release|x64.Build.0 = Release|Any CPU
		{ED0453C7-C25A-4354-AC7A-046846D5E7FF}.Surface Graph Viewer - Release|x86.ActiveCfg = Release|Any CPU
		{ED0453C7-C25A-4354-AC7A-046846D5E7FF}.Surface Graph Viewer - Release|x86.Build.0 = Release|Any CPU
		{25099D9A-CB93-43D8-BB4A-CE08945644A8}.CutRelease|Any CPU.ActiveCfg = Release|Any CPU
		{25099D9A-CB93-43D8-BB4A-CE08945644A8}.CutRelease|Any CPU.Build.0 = Release|Any CPU
		{25099D9A-CB93-43D8-BB4A-CE08945644A8}.CutRelease|x64.ActiveCfg = Release|Any CPU
		{25099D9A-CB93-43D8-BB4A-CE08945644A8}.CutRelease|x64.Build.0 = Release|Any CPU
		{25099D9A-CB93-43D8-BB4A-CE08945644A8}.CutRelease|x86.ActiveCfg = Release|Any CPU
		{25099D9A-CB93-43D8-BB4A-CE08945644A8}.CutRelease|x86.Build.0 = Release|Any CPU
		{25099D9A-CB93-43D8-BB4A-CE08945644A8}.Debug Surface Graph Viewer|Any CPU.ActiveCfg = Debug|Any CPU
		{25099D9A-CB93-43D8-BB4A-CE08945644A8}.Debug Surface Graph Viewer|Any CPU.Build.0 = Debug|Any CPU
		{25099D9A-CB93-43D8-BB4A-CE08945644A8}.Debug Surface Graph Viewer|x64.ActiveCfg = Debug|Any CPU
		{25099D9A-CB93-43D8-BB4A-CE08945644A8}.Debug Surface Graph Viewer|x64.Build.0 = Debug|Any CPU
		{25099D9A-CB93-43D8-BB4A-CE08945644A8}.Debug Surface Graph Viewer|x86.ActiveCfg = Debug|Any CPU
		{25099D9A-CB93-43D8-BB4A-CE08945644A8}.Debug Surface Graph Viewer|x86.Build.0 = Debug|Any CPU
		{25099D9A-CB93-43D8-BB4A-CE08945644A8}.Debug|Any CPU.ActiveCfg = Debug|Any CPU
		{25099D9A-CB93-43D8-BB4A-CE08945644A8}.Debug|Any CPU.Build.0 = Debug|Any CPU
		{25099D9A-CB93-43D8-BB4A-CE08945644A8}.Debug|x64.ActiveCfg = Debug|Any CPU
		{25099D9A-CB93-43D8-BB4A-CE08945644A8}.Debug|x64.Build.0 = Debug|Any CPU
		{25099D9A-CB93-43D8-BB4A-CE08945644A8}.Debug|x86.ActiveCfg = Debug|Any CPU
		{25099D9A-CB93-43D8-BB4A-CE08945644A8}.Debug|x86.Build.0 = Debug|Any CPU
		{25099D9A-CB93-43D8-BB4A-CE08945644A8}.DebugDevTrace|Any CPU.ActiveCfg = Debug|Any CPU
		{25099D9A-CB93-43D8-BB4A-CE08945644A8}.DebugDevTrace|Any CPU.Build.0 = Debug|Any CPU
		{25099D9A-CB93-43D8-BB4A-CE08945644A8}.DebugDevTrace|x64.ActiveCfg = Debug|Any CPU
		{25099D9A-CB93-43D8-BB4A-CE08945644A8}.DebugDevTrace|x64.Build.0 = Debug|Any CPU
		{25099D9A-CB93-43D8-BB4A-CE08945644A8}.DebugDevTrace|x86.ActiveCfg = Debug|Any CPU
		{25099D9A-CB93-43D8-BB4A-CE08945644A8}.DebugDevTrace|x86.Build.0 = Debug|Any CPU
		{25099D9A-CB93-43D8-BB4A-CE08945644A8}.DebugSurface|Any CPU.ActiveCfg = Debug|Any CPU
		{25099D9A-CB93-43D8-BB4A-CE08945644A8}.DebugSurface|Any CPU.Build.0 = Debug|Any CPU
		{25099D9A-CB93-43D8-BB4A-CE08945644A8}.DebugSurface|x64.ActiveCfg = Debug|Any CPU
		{25099D9A-CB93-43D8-BB4A-CE08945644A8}.DebugSurface|x64.Build.0 = Debug|Any CPU
		{25099D9A-CB93-43D8-BB4A-CE08945644A8}.DebugSurface|x86.ActiveCfg = Debug|Any CPU
		{25099D9A-CB93-43D8-BB4A-CE08945644A8}.DebugSurface|x86.Build.0 = Debug|Any CPU
		{25099D9A-CB93-43D8-BB4A-CE08945644A8}.DebugWithoutRebuild|Any CPU.ActiveCfg = Debug|Any CPU
		{25099D9A-CB93-43D8-BB4A-CE08945644A8}.DebugWithoutRebuild|Any CPU.Build.0 = Debug|Any CPU
		{25099D9A-CB93-43D8-BB4A-CE08945644A8}.DebugWithoutRebuild|x64.ActiveCfg = Debug|Any CPU
		{25099D9A-CB93-43D8-BB4A-CE08945644A8}.DebugWithoutRebuild|x64.Build.0 = Debug|Any CPU
		{25099D9A-CB93-43D8-BB4A-CE08945644A8}.DebugWithoutRebuild|x86.ActiveCfg = Debug|Any CPU
		{25099D9A-CB93-43D8-BB4A-CE08945644A8}.DebugWithoutRebuild|x86.Build.0 = Debug|Any CPU
		{25099D9A-CB93-43D8-BB4A-CE08945644A8}.MinimalMsagl|Any CPU.ActiveCfg = Debug|Any CPU
		{25099D9A-CB93-43D8-BB4A-CE08945644A8}.MinimalMsagl|Any CPU.Build.0 = Debug|Any CPU
		{25099D9A-CB93-43D8-BB4A-CE08945644A8}.MinimalMsagl|x64.ActiveCfg = Debug|Any CPU
		{25099D9A-CB93-43D8-BB4A-CE08945644A8}.MinimalMsagl|x64.Build.0 = Debug|Any CPU
		{25099D9A-CB93-43D8-BB4A-CE08945644A8}.MinimalMsagl|x86.ActiveCfg = Debug|Any CPU
		{25099D9A-CB93-43D8-BB4A-CE08945644A8}.MinimalMsagl|x86.Build.0 = Debug|Any CPU
		{25099D9A-CB93-43D8-BB4A-CE08945644A8}.Release|Any CPU.ActiveCfg = Release|Any CPU
		{25099D9A-CB93-43D8-BB4A-CE08945644A8}.Release|Any CPU.Build.0 = Release|Any CPU
		{25099D9A-CB93-43D8-BB4A-CE08945644A8}.Release|x64.ActiveCfg = Release|Any CPU
		{25099D9A-CB93-43D8-BB4A-CE08945644A8}.Release|x64.Build.0 = Release|Any CPU
		{25099D9A-CB93-43D8-BB4A-CE08945644A8}.Release|x86.ActiveCfg = Release|Any CPU
		{25099D9A-CB93-43D8-BB4A-CE08945644A8}.Release|x86.Build.0 = Release|Any CPU
		{25099D9A-CB93-43D8-BB4A-CE08945644A8}.Retail|Any CPU.ActiveCfg = Release|Any CPU
		{25099D9A-CB93-43D8-BB4A-CE08945644A8}.Retail|Any CPU.Build.0 = Release|Any CPU
		{25099D9A-CB93-43D8-BB4A-CE08945644A8}.Retail|x64.ActiveCfg = Release|Any CPU
		{25099D9A-CB93-43D8-BB4A-CE08945644A8}.Retail|x64.Build.0 = Release|Any CPU
		{25099D9A-CB93-43D8-BB4A-CE08945644A8}.Retail|x86.ActiveCfg = Release|Any CPU
		{25099D9A-CB93-43D8-BB4A-CE08945644A8}.Retail|x86.Build.0 = Release|Any CPU
		{25099D9A-CB93-43D8-BB4A-CE08945644A8}.Setup|Any CPU.ActiveCfg = Debug|Any CPU
		{25099D9A-CB93-43D8-BB4A-CE08945644A8}.Setup|Any CPU.Build.0 = Debug|Any CPU
		{25099D9A-CB93-43D8-BB4A-CE08945644A8}.Setup|x64.ActiveCfg = Debug|Any CPU
		{25099D9A-CB93-43D8-BB4A-CE08945644A8}.Setup|x64.Build.0 = Debug|Any CPU
		{25099D9A-CB93-43D8-BB4A-CE08945644A8}.Setup|x86.ActiveCfg = Debug|Any CPU
		{25099D9A-CB93-43D8-BB4A-CE08945644A8}.Setup|x86.Build.0 = Debug|Any CPU
		{25099D9A-CB93-43D8-BB4A-CE08945644A8}.Surface Graph Viewer - Debug|Any CPU.ActiveCfg = Debug|Any CPU
		{25099D9A-CB93-43D8-BB4A-CE08945644A8}.Surface Graph Viewer - Debug|Any CPU.Build.0 = Debug|Any CPU
		{25099D9A-CB93-43D8-BB4A-CE08945644A8}.Surface Graph Viewer - Debug|x64.ActiveCfg = Debug|Any CPU
		{25099D9A-CB93-43D8-BB4A-CE08945644A8}.Surface Graph Viewer - Debug|x64.Build.0 = Debug|Any CPU
		{25099D9A-CB93-43D8-BB4A-CE08945644A8}.Surface Graph Viewer - Debug|x86.ActiveCfg = Debug|Any CPU
		{25099D9A-CB93-43D8-BB4A-CE08945644A8}.Surface Graph Viewer - Debug|x86.Build.0 = Debug|Any CPU
		{25099D9A-CB93-43D8-BB4A-CE08945644A8}.Surface Graph Viewer - Release|Any CPU.ActiveCfg = Release|Any CPU
		{25099D9A-CB93-43D8-BB4A-CE08945644A8}.Surface Graph Viewer - Release|Any CPU.Build.0 = Release|Any CPU
		{25099D9A-CB93-43D8-BB4A-CE08945644A8}.Surface Graph Viewer - Release|x64.ActiveCfg = Release|Any CPU
		{25099D9A-CB93-43D8-BB4A-CE08945644A8}.Surface Graph Viewer - Release|x64.Build.0 = Release|Any CPU
		{25099D9A-CB93-43D8-BB4A-CE08945644A8}.Surface Graph Viewer - Release|x86.ActiveCfg = Release|Any CPU
		{25099D9A-CB93-43D8-BB4A-CE08945644A8}.Surface Graph Viewer - Release|x86.Build.0 = Release|Any CPU
		{C80E4DF4-82BE-47E7-884A-237E367B4066}.CutRelease|Any CPU.ActiveCfg = Release|Any CPU
		{C80E4DF4-82BE-47E7-884A-237E367B4066}.CutRelease|Any CPU.Build.0 = Release|Any CPU
		{C80E4DF4-82BE-47E7-884A-237E367B4066}.CutRelease|x64.ActiveCfg = Release|Any CPU
		{C80E4DF4-82BE-47E7-884A-237E367B4066}.CutRelease|x64.Build.0 = Release|Any CPU
		{C80E4DF4-82BE-47E7-884A-237E367B4066}.CutRelease|x86.ActiveCfg = Release|Any CPU
		{C80E4DF4-82BE-47E7-884A-237E367B4066}.CutRelease|x86.Build.0 = Release|Any CPU
		{C80E4DF4-82BE-47E7-884A-237E367B4066}.Debug Surface Graph Viewer|Any CPU.ActiveCfg = Debug|Any CPU
		{C80E4DF4-82BE-47E7-884A-237E367B4066}.Debug Surface Graph Viewer|Any CPU.Build.0 = Debug|Any CPU
		{C80E4DF4-82BE-47E7-884A-237E367B4066}.Debug Surface Graph Viewer|x64.ActiveCfg = Debug|Any CPU
		{C80E4DF4-82BE-47E7-884A-237E367B4066}.Debug Surface Graph Viewer|x64.Build.0 = Debug|Any CPU
		{C80E4DF4-82BE-47E7-884A-237E367B4066}.Debug Surface Graph Viewer|x86.ActiveCfg = Debug|Any CPU
		{C80E4DF4-82BE-47E7-884A-237E367B4066}.Debug Surface Graph Viewer|x86.Build.0 = Debug|Any CPU
		{C80E4DF4-82BE-47E7-884A-237E367B4066}.Debug|Any CPU.ActiveCfg = Debug|Any CPU
		{C80E4DF4-82BE-47E7-884A-237E367B4066}.Debug|Any CPU.Build.0 = Debug|Any CPU
		{C80E4DF4-82BE-47E7-884A-237E367B4066}.Debug|x64.ActiveCfg = Debug|Any CPU
		{C80E4DF4-82BE-47E7-884A-237E367B4066}.Debug|x64.Build.0 = Debug|Any CPU
		{C80E4DF4-82BE-47E7-884A-237E367B4066}.Debug|x86.ActiveCfg = Debug|Any CPU
		{C80E4DF4-82BE-47E7-884A-237E367B4066}.Debug|x86.Build.0 = Debug|Any CPU
		{C80E4DF4-82BE-47E7-884A-237E367B4066}.DebugDevTrace|Any CPU.ActiveCfg = Debug|Any CPU
		{C80E4DF4-82BE-47E7-884A-237E367B4066}.DebugDevTrace|Any CPU.Build.0 = Debug|Any CPU
		{C80E4DF4-82BE-47E7-884A-237E367B4066}.DebugDevTrace|x64.ActiveCfg = Debug|Any CPU
		{C80E4DF4-82BE-47E7-884A-237E367B4066}.DebugDevTrace|x64.Build.0 = Debug|Any CPU
		{C80E4DF4-82BE-47E7-884A-237E367B4066}.DebugDevTrace|x86.ActiveCfg = Debug|Any CPU
		{C80E4DF4-82BE-47E7-884A-237E367B4066}.DebugDevTrace|x86.Build.0 = Debug|Any CPU
		{C80E4DF4-82BE-47E7-884A-237E367B4066}.DebugSurface|Any CPU.ActiveCfg = Debug|Any CPU
		{C80E4DF4-82BE-47E7-884A-237E367B4066}.DebugSurface|Any CPU.Build.0 = Debug|Any CPU
		{C80E4DF4-82BE-47E7-884A-237E367B4066}.DebugSurface|x64.ActiveCfg = Debug|Any CPU
		{C80E4DF4-82BE-47E7-884A-237E367B4066}.DebugSurface|x64.Build.0 = Debug|Any CPU
		{C80E4DF4-82BE-47E7-884A-237E367B4066}.DebugSurface|x86.ActiveCfg = Debug|Any CPU
		{C80E4DF4-82BE-47E7-884A-237E367B4066}.DebugSurface|x86.Build.0 = Debug|Any CPU
		{C80E4DF4-82BE-47E7-884A-237E367B4066}.DebugWithoutRebuild|Any CPU.ActiveCfg = Debug|Any CPU
		{C80E4DF4-82BE-47E7-884A-237E367B4066}.DebugWithoutRebuild|Any CPU.Build.0 = Debug|Any CPU
		{C80E4DF4-82BE-47E7-884A-237E367B4066}.DebugWithoutRebuild|x64.ActiveCfg = Debug|Any CPU
		{C80E4DF4-82BE-47E7-884A-237E367B4066}.DebugWithoutRebuild|x64.Build.0 = Debug|Any CPU
		{C80E4DF4-82BE-47E7-884A-237E367B4066}.DebugWithoutRebuild|x86.ActiveCfg = Debug|Any CPU
		{C80E4DF4-82BE-47E7-884A-237E367B4066}.DebugWithoutRebuild|x86.Build.0 = Debug|Any CPU
		{C80E4DF4-82BE-47E7-884A-237E367B4066}.MinimalMsagl|Any CPU.ActiveCfg = Debug|Any CPU
		{C80E4DF4-82BE-47E7-884A-237E367B4066}.MinimalMsagl|Any CPU.Build.0 = Debug|Any CPU
		{C80E4DF4-82BE-47E7-884A-237E367B4066}.MinimalMsagl|x64.ActiveCfg = Debug|Any CPU
		{C80E4DF4-82BE-47E7-884A-237E367B4066}.MinimalMsagl|x64.Build.0 = Debug|Any CPU
		{C80E4DF4-82BE-47E7-884A-237E367B4066}.MinimalMsagl|x86.ActiveCfg = Debug|Any CPU
		{C80E4DF4-82BE-47E7-884A-237E367B4066}.MinimalMsagl|x86.Build.0 = Debug|Any CPU
		{C80E4DF4-82BE-47E7-884A-237E367B4066}.Release|Any CPU.ActiveCfg = Release|Any CPU
		{C80E4DF4-82BE-47E7-884A-237E367B4066}.Release|Any CPU.Build.0 = Release|Any CPU
		{C80E4DF4-82BE-47E7-884A-237E367B4066}.Release|x64.ActiveCfg = Release|Any CPU
		{C80E4DF4-82BE-47E7-884A-237E367B4066}.Release|x64.Build.0 = Release|Any CPU
		{C80E4DF4-82BE-47E7-884A-237E367B4066}.Release|x86.ActiveCfg = Release|Any CPU
		{C80E4DF4-82BE-47E7-884A-237E367B4066}.Release|x86.Build.0 = Release|Any CPU
		{C80E4DF4-82BE-47E7-884A-237E367B4066}.Retail|Any CPU.ActiveCfg = Release|Any CPU
		{C80E4DF4-82BE-47E7-884A-237E367B4066}.Retail|Any CPU.Build.0 = Release|Any CPU
		{C80E4DF4-82BE-47E7-884A-237E367B4066}.Retail|x64.ActiveCfg = Release|Any CPU
		{C80E4DF4-82BE-47E7-884A-237E367B4066}.Retail|x64.Build.0 = Release|Any CPU
		{C80E4DF4-82BE-47E7-884A-237E367B4066}.Retail|x86.ActiveCfg = Release|Any CPU
		{C80E4DF4-82BE-47E7-884A-237E367B4066}.Retail|x86.Build.0 = Release|Any CPU
		{C80E4DF4-82BE-47E7-884A-237E367B4066}.Setup|Any CPU.ActiveCfg = Debug|Any CPU
		{C80E4DF4-82BE-47E7-884A-237E367B4066}.Setup|Any CPU.Build.0 = Debug|Any CPU
		{C80E4DF4-82BE-47E7-884A-237E367B4066}.Setup|x64.ActiveCfg = Debug|Any CPU
		{C80E4DF4-82BE-47E7-884A-237E367B4066}.Setup|x64.Build.0 = Debug|Any CPU
		{C80E4DF4-82BE-47E7-884A-237E367B4066}.Setup|x86.ActiveCfg = Debug|Any CPU
		{C80E4DF4-82BE-47E7-884A-237E367B4066}.Setup|x86.Build.0 = Debug|Any CPU
		{C80E4DF4-82BE-47E7-884A-237E367B4066}.Surface Graph Viewer - Debug|Any CPU.ActiveCfg = Debug|Any CPU
		{C80E4DF4-82BE-47E7-884A-237E367B4066}.Surface Graph Viewer - Debug|Any CPU.Build.0 = Debug|Any CPU
		{C80E4DF4-82BE-47E7-884A-237E367B4066}.Surface Graph Viewer - Debug|x64.ActiveCfg = Debug|Any CPU
		{C80E4DF4-82BE-47E7-884A-237E367B4066}.Surface Graph Viewer - Debug|x64.Build.0 = Debug|Any CPU
		{C80E4DF4-82BE-47E7-884A-237E367B4066}.Surface Graph Viewer - Debug|x86.ActiveCfg = Debug|Any CPU
		{C80E4DF4-82BE-47E7-884A-237E367B4066}.Surface Graph Viewer - Debug|x86.Build.0 = Debug|Any CPU
		{C80E4DF4-82BE-47E7-884A-237E367B4066}.Surface Graph Viewer - Release|Any CPU.ActiveCfg = Release|Any CPU
		{C80E4DF4-82BE-47E7-884A-237E367B4066}.Surface Graph Viewer - Release|Any CPU.Build.0 = Release|Any CPU
		{C80E4DF4-82BE-47E7-884A-237E367B4066}.Surface Graph Viewer - Release|x64.ActiveCfg = Release|Any CPU
		{C80E4DF4-82BE-47E7-884A-237E367B4066}.Surface Graph Viewer - Release|x64.Build.0 = Release|Any CPU
		{C80E4DF4-82BE-47E7-884A-237E367B4066}.Surface Graph Viewer - Release|x86.ActiveCfg = Release|Any CPU
		{C80E4DF4-82BE-47E7-884A-237E367B4066}.Surface Graph Viewer - Release|x86.Build.0 = Release|Any CPU
		{BA1D4351-21AF-42E8-A7E3-DC899FA1E129}.CutRelease|Any CPU.ActiveCfg = Release|Any CPU
		{BA1D4351-21AF-42E8-A7E3-DC899FA1E129}.CutRelease|Any CPU.Build.0 = Release|Any CPU
		{BA1D4351-21AF-42E8-A7E3-DC899FA1E129}.CutRelease|x64.ActiveCfg = Release|Any CPU
		{BA1D4351-21AF-42E8-A7E3-DC899FA1E129}.CutRelease|x64.Build.0 = Release|Any CPU
		{BA1D4351-21AF-42E8-A7E3-DC899FA1E129}.CutRelease|x86.ActiveCfg = Release|Any CPU
		{BA1D4351-21AF-42E8-A7E3-DC899FA1E129}.CutRelease|x86.Build.0 = Release|Any CPU
		{BA1D4351-21AF-42E8-A7E3-DC899FA1E129}.Debug Surface Graph Viewer|Any CPU.ActiveCfg = Debug|Any CPU
		{BA1D4351-21AF-42E8-A7E3-DC899FA1E129}.Debug Surface Graph Viewer|Any CPU.Build.0 = Debug|Any CPU
		{BA1D4351-21AF-42E8-A7E3-DC899FA1E129}.Debug Surface Graph Viewer|x64.ActiveCfg = Debug|Any CPU
		{BA1D4351-21AF-42E8-A7E3-DC899FA1E129}.Debug Surface Graph Viewer|x64.Build.0 = Debug|Any CPU
		{BA1D4351-21AF-42E8-A7E3-DC899FA1E129}.Debug Surface Graph Viewer|x86.ActiveCfg = Debug|Any CPU
		{BA1D4351-21AF-42E8-A7E3-DC899FA1E129}.Debug Surface Graph Viewer|x86.Build.0 = Debug|Any CPU
		{BA1D4351-21AF-42E8-A7E3-DC899FA1E129}.Debug|Any CPU.ActiveCfg = Debug|Any CPU
		{BA1D4351-21AF-42E8-A7E3-DC899FA1E129}.Debug|Any CPU.Build.0 = Debug|Any CPU
		{BA1D4351-21AF-42E8-A7E3-DC899FA1E129}.Debug|x64.ActiveCfg = Debug|Any CPU
		{BA1D4351-21AF-42E8-A7E3-DC899FA1E129}.Debug|x64.Build.0 = Debug|Any CPU
		{BA1D4351-21AF-42E8-A7E3-DC899FA1E129}.Debug|x86.ActiveCfg = Debug|Any CPU
		{BA1D4351-21AF-42E8-A7E3-DC899FA1E129}.Debug|x86.Build.0 = Debug|Any CPU
		{BA1D4351-21AF-42E8-A7E3-DC899FA1E129}.DebugDevTrace|Any CPU.ActiveCfg = Debug|Any CPU
		{BA1D4351-21AF-42E8-A7E3-DC899FA1E129}.DebugDevTrace|Any CPU.Build.0 = Debug|Any CPU
		{BA1D4351-21AF-42E8-A7E3-DC899FA1E129}.DebugDevTrace|x64.ActiveCfg = Debug|Any CPU
		{BA1D4351-21AF-42E8-A7E3-DC899FA1E129}.DebugDevTrace|x64.Build.0 = Debug|Any CPU
		{BA1D4351-21AF-42E8-A7E3-DC899FA1E129}.DebugDevTrace|x86.ActiveCfg = Debug|Any CPU
		{BA1D4351-21AF-42E8-A7E3-DC899FA1E129}.DebugDevTrace|x86.Build.0 = Debug|Any CPU
		{BA1D4351-21AF-42E8-A7E3-DC899FA1E129}.DebugSurface|Any CPU.ActiveCfg = Debug|Any CPU
		{BA1D4351-21AF-42E8-A7E3-DC899FA1E129}.DebugSurface|Any CPU.Build.0 = Debug|Any CPU
		{BA1D4351-21AF-42E8-A7E3-DC899FA1E129}.DebugSurface|x64.ActiveCfg = Debug|Any CPU
		{BA1D4351-21AF-42E8-A7E3-DC899FA1E129}.DebugSurface|x64.Build.0 = Debug|Any CPU
		{BA1D4351-21AF-42E8-A7E3-DC899FA1E129}.DebugSurface|x86.ActiveCfg = Debug|Any CPU
		{BA1D4351-21AF-42E8-A7E3-DC899FA1E129}.DebugSurface|x86.Build.0 = Debug|Any CPU
		{BA1D4351-21AF-42E8-A7E3-DC899FA1E129}.DebugWithoutRebuild|Any CPU.ActiveCfg = Debug|Any CPU
		{BA1D4351-21AF-42E8-A7E3-DC899FA1E129}.DebugWithoutRebuild|Any CPU.Build.0 = Debug|Any CPU
		{BA1D4351-21AF-42E8-A7E3-DC899FA1E129}.DebugWithoutRebuild|x64.ActiveCfg = Debug|Any CPU
		{BA1D4351-21AF-42E8-A7E3-DC899FA1E129}.DebugWithoutRebuild|x64.Build.0 = Debug|Any CPU
		{BA1D4351-21AF-42E8-A7E3-DC899FA1E129}.DebugWithoutRebuild|x86.ActiveCfg = Debug|Any CPU
		{BA1D4351-21AF-42E8-A7E3-DC899FA1E129}.DebugWithoutRebuild|x86.Build.0 = Debug|Any CPU
		{BA1D4351-21AF-42E8-A7E3-DC899FA1E129}.MinimalMsagl|Any CPU.ActiveCfg = Debug|Any CPU
		{BA1D4351-21AF-42E8-A7E3-DC899FA1E129}.MinimalMsagl|Any CPU.Build.0 = Debug|Any CPU
		{BA1D4351-21AF-42E8-A7E3-DC899FA1E129}.MinimalMsagl|x64.ActiveCfg = Debug|Any CPU
		{BA1D4351-21AF-42E8-A7E3-DC899FA1E129}.MinimalMsagl|x64.Build.0 = Debug|Any CPU
		{BA1D4351-21AF-42E8-A7E3-DC899FA1E129}.MinimalMsagl|x86.ActiveCfg = Debug|Any CPU
		{BA1D4351-21AF-42E8-A7E3-DC899FA1E129}.MinimalMsagl|x86.Build.0 = Debug|Any CPU
		{BA1D4351-21AF-42E8-A7E3-DC899FA1E129}.Release|Any CPU.ActiveCfg = Release|Any CPU
		{BA1D4351-21AF-42E8-A7E3-DC899FA1E129}.Release|Any CPU.Build.0 = Release|Any CPU
		{BA1D4351-21AF-42E8-A7E3-DC899FA1E129}.Release|x64.ActiveCfg = Release|Any CPU
		{BA1D4351-21AF-42E8-A7E3-DC899FA1E129}.Release|x64.Build.0 = Release|Any CPU
		{BA1D4351-21AF-42E8-A7E3-DC899FA1E129}.Release|x86.ActiveCfg = Release|Any CPU
		{BA1D4351-21AF-42E8-A7E3-DC899FA1E129}.Release|x86.Build.0 = Release|Any CPU
		{BA1D4351-21AF-42E8-A7E3-DC899FA1E129}.Retail|Any CPU.ActiveCfg = Release|Any CPU
		{BA1D4351-21AF-42E8-A7E3-DC899FA1E129}.Retail|Any CPU.Build.0 = Release|Any CPU
		{BA1D4351-21AF-42E8-A7E3-DC899FA1E129}.Retail|x64.ActiveCfg = Release|Any CPU
		{BA1D4351-21AF-42E8-A7E3-DC899FA1E129}.Retail|x64.Build.0 = Release|Any CPU
		{BA1D4351-21AF-42E8-A7E3-DC899FA1E129}.Retail|x86.ActiveCfg = Release|Any CPU
		{BA1D4351-21AF-42E8-A7E3-DC899FA1E129}.Retail|x86.Build.0 = Release|Any CPU
		{BA1D4351-21AF-42E8-A7E3-DC899FA1E129}.Setup|Any CPU.ActiveCfg = Debug|Any CPU
		{BA1D4351-21AF-42E8-A7E3-DC899FA1E129}.Setup|Any CPU.Build.0 = Debug|Any CPU
		{BA1D4351-21AF-42E8-A7E3-DC899FA1E129}.Setup|x64.ActiveCfg = Debug|Any CPU
		{BA1D4351-21AF-42E8-A7E3-DC899FA1E129}.Setup|x64.Build.0 = Debug|Any CPU
		{BA1D4351-21AF-42E8-A7E3-DC899FA1E129}.Setup|x86.ActiveCfg = Debug|Any CPU
		{BA1D4351-21AF-42E8-A7E3-DC899FA1E129}.Setup|x86.Build.0 = Debug|Any CPU
		{BA1D4351-21AF-42E8-A7E3-DC899FA1E129}.Surface Graph Viewer - Debug|Any CPU.ActiveCfg = Debug|Any CPU
		{BA1D4351-21AF-42E8-A7E3-DC899FA1E129}.Surface Graph Viewer - Debug|Any CPU.Build.0 = Debug|Any CPU
		{BA1D4351-21AF-42E8-A7E3-DC899FA1E129}.Surface Graph Viewer - Debug|x64.ActiveCfg = Debug|Any CPU
		{BA1D4351-21AF-42E8-A7E3-DC899FA1E129}.Surface Graph Viewer - Debug|x64.Build.0 = Debug|Any CPU
		{BA1D4351-21AF-42E8-A7E3-DC899FA1E129}.Surface Graph Viewer - Debug|x86.ActiveCfg = Debug|Any CPU
		{BA1D4351-21AF-42E8-A7E3-DC899FA1E129}.Surface Graph Viewer - Debug|x86.Build.0 = Debug|Any CPU
		{BA1D4351-21AF-42E8-A7E3-DC899FA1E129}.Surface Graph Viewer - Release|Any CPU.ActiveCfg = Release|Any CPU
		{BA1D4351-21AF-42E8-A7E3-DC899FA1E129}.Surface Graph Viewer - Release|Any CPU.Build.0 = Release|Any CPU
		{BA1D4351-21AF-42E8-A7E3-DC899FA1E129}.Surface Graph Viewer - Release|x64.ActiveCfg = Release|Any CPU
		{BA1D4351-21AF-42E8-A7E3-DC899FA1E129}.Surface Graph Viewer - Release|x64.Build.0 = Release|Any CPU
		{BA1D4351-21AF-42E8-A7E3-DC899FA1E129}.Surface Graph Viewer - Release|x86.ActiveCfg = Release|Any CPU
		{BA1D4351-21AF-42E8-A7E3-DC899FA1E129}.Surface Graph Viewer - Release|x86.Build.0 = Release|Any CPU
		{173905E2-2D0D-4C3A-BB13-66EAC6FDD859}.CutRelease|Any CPU.ActiveCfg = Release|Any CPU
		{173905E2-2D0D-4C3A-BB13-66EAC6FDD859}.CutRelease|Any CPU.Build.0 = Release|Any CPU
		{173905E2-2D0D-4C3A-BB13-66EAC6FDD859}.CutRelease|x64.ActiveCfg = Release|Any CPU
		{173905E2-2D0D-4C3A-BB13-66EAC6FDD859}.CutRelease|x64.Build.0 = Release|Any CPU
		{173905E2-2D0D-4C3A-BB13-66EAC6FDD859}.CutRelease|x86.ActiveCfg = Release|Any CPU
		{173905E2-2D0D-4C3A-BB13-66EAC6FDD859}.CutRelease|x86.Build.0 = Release|Any CPU
		{173905E2-2D0D-4C3A-BB13-66EAC6FDD859}.Debug Surface Graph Viewer|Any CPU.ActiveCfg = Debug|Any CPU
		{173905E2-2D0D-4C3A-BB13-66EAC6FDD859}.Debug Surface Graph Viewer|Any CPU.Build.0 = Debug|Any CPU
		{173905E2-2D0D-4C3A-BB13-66EAC6FDD859}.Debug Surface Graph Viewer|x64.ActiveCfg = Debug|Any CPU
		{173905E2-2D0D-4C3A-BB13-66EAC6FDD859}.Debug Surface Graph Viewer|x64.Build.0 = Debug|Any CPU
		{173905E2-2D0D-4C3A-BB13-66EAC6FDD859}.Debug Surface Graph Viewer|x86.ActiveCfg = Debug|Any CPU
		{173905E2-2D0D-4C3A-BB13-66EAC6FDD859}.Debug Surface Graph Viewer|x86.Build.0 = Debug|Any CPU
		{173905E2-2D0D-4C3A-BB13-66EAC6FDD859}.Debug|Any CPU.ActiveCfg = Debug|Any CPU
		{173905E2-2D0D-4C3A-BB13-66EAC6FDD859}.Debug|Any CPU.Build.0 = Debug|Any CPU
		{173905E2-2D0D-4C3A-BB13-66EAC6FDD859}.Debug|x64.ActiveCfg = Debug|Any CPU
		{173905E2-2D0D-4C3A-BB13-66EAC6FDD859}.Debug|x64.Build.0 = Debug|Any CPU
		{173905E2-2D0D-4C3A-BB13-66EAC6FDD859}.Debug|x86.ActiveCfg = Debug|Any CPU
		{173905E2-2D0D-4C3A-BB13-66EAC6FDD859}.Debug|x86.Build.0 = Debug|Any CPU
		{173905E2-2D0D-4C3A-BB13-66EAC6FDD859}.DebugDevTrace|Any CPU.ActiveCfg = Debug|Any CPU
		{173905E2-2D0D-4C3A-BB13-66EAC6FDD859}.DebugDevTrace|Any CPU.Build.0 = Debug|Any CPU
		{173905E2-2D0D-4C3A-BB13-66EAC6FDD859}.DebugDevTrace|x64.ActiveCfg = Debug|Any CPU
		{173905E2-2D0D-4C3A-BB13-66EAC6FDD859}.DebugDevTrace|x64.Build.0 = Debug|Any CPU
		{173905E2-2D0D-4C3A-BB13-66EAC6FDD859}.DebugDevTrace|x86.ActiveCfg = Debug|Any CPU
		{173905E2-2D0D-4C3A-BB13-66EAC6FDD859}.DebugDevTrace|x86.Build.0 = Debug|Any CPU
		{173905E2-2D0D-4C3A-BB13-66EAC6FDD859}.DebugSurface|Any CPU.ActiveCfg = Debug|Any CPU
		{173905E2-2D0D-4C3A-BB13-66EAC6FDD859}.DebugSurface|Any CPU.Build.0 = Debug|Any CPU
		{173905E2-2D0D-4C3A-BB13-66EAC6FDD859}.DebugSurface|x64.ActiveCfg = Debug|Any CPU
		{173905E2-2D0D-4C3A-BB13-66EAC6FDD859}.DebugSurface|x64.Build.0 = Debug|Any CPU
		{173905E2-2D0D-4C3A-BB13-66EAC6FDD859}.DebugSurface|x86.ActiveCfg = Debug|Any CPU
		{173905E2-2D0D-4C3A-BB13-66EAC6FDD859}.DebugSurface|x86.Build.0 = Debug|Any CPU
		{173905E2-2D0D-4C3A-BB13-66EAC6FDD859}.DebugWithoutRebuild|Any CPU.ActiveCfg = Debug|Any CPU
		{173905E2-2D0D-4C3A-BB13-66EAC6FDD859}.DebugWithoutRebuild|Any CPU.Build.0 = Debug|Any CPU
		{173905E2-2D0D-4C3A-BB13-66EAC6FDD859}.DebugWithoutRebuild|x64.ActiveCfg = Debug|Any CPU
		{173905E2-2D0D-4C3A-BB13-66EAC6FDD859}.DebugWithoutRebuild|x64.Build.0 = Debug|Any CPU
		{173905E2-2D0D-4C3A-BB13-66EAC6FDD859}.DebugWithoutRebuild|x86.ActiveCfg = Debug|Any CPU
		{173905E2-2D0D-4C3A-BB13-66EAC6FDD859}.DebugWithoutRebuild|x86.Build.0 = Debug|Any CPU
		{173905E2-2D0D-4C3A-BB13-66EAC6FDD859}.MinimalMsagl|Any CPU.ActiveCfg = Debug|Any CPU
		{173905E2-2D0D-4C3A-BB13-66EAC6FDD859}.MinimalMsagl|Any CPU.Build.0 = Debug|Any CPU
		{173905E2-2D0D-4C3A-BB13-66EAC6FDD859}.MinimalMsagl|x64.ActiveCfg = Debug|Any CPU
		{173905E2-2D0D-4C3A-BB13-66EAC6FDD859}.MinimalMsagl|x64.Build.0 = Debug|Any CPU
		{173905E2-2D0D-4C3A-BB13-66EAC6FDD859}.MinimalMsagl|x86.ActiveCfg = Debug|Any CPU
		{173905E2-2D0D-4C3A-BB13-66EAC6FDD859}.MinimalMsagl|x86.Build.0 = Debug|Any CPU
		{173905E2-2D0D-4C3A-BB13-66EAC6FDD859}.Release|Any CPU.ActiveCfg = Release|Any CPU
		{173905E2-2D0D-4C3A-BB13-66EAC6FDD859}.Release|Any CPU.Build.0 = Release|Any CPU
		{173905E2-2D0D-4C3A-BB13-66EAC6FDD859}.Release|x64.ActiveCfg = Release|Any CPU
		{173905E2-2D0D-4C3A-BB13-66EAC6FDD859}.Release|x64.Build.0 = Release|Any CPU
		{173905E2-2D0D-4C3A-BB13-66EAC6FDD859}.Release|x86.ActiveCfg = Release|Any CPU
		{173905E2-2D0D-4C3A-BB13-66EAC6FDD859}.Release|x86.Build.0 = Release|Any CPU
		{173905E2-2D0D-4C3A-BB13-66EAC6FDD859}.Retail|Any CPU.ActiveCfg = Release|Any CPU
		{173905E2-2D0D-4C3A-BB13-66EAC6FDD859}.Retail|Any CPU.Build.0 = Release|Any CPU
		{173905E2-2D0D-4C3A-BB13-66EAC6FDD859}.Retail|x64.ActiveCfg = Release|Any CPU
		{173905E2-2D0D-4C3A-BB13-66EAC6FDD859}.Retail|x64.Build.0 = Release|Any CPU
		{173905E2-2D0D-4C3A-BB13-66EAC6FDD859}.Retail|x86.ActiveCfg = Release|Any CPU
		{173905E2-2D0D-4C3A-BB13-66EAC6FDD859}.Retail|x86.Build.0 = Release|Any CPU
		{173905E2-2D0D-4C3A-BB13-66EAC6FDD859}.Setup|Any CPU.ActiveCfg = Debug|Any CPU
		{173905E2-2D0D-4C3A-BB13-66EAC6FDD859}.Setup|Any CPU.Build.0 = Debug|Any CPU
		{173905E2-2D0D-4C3A-BB13-66EAC6FDD859}.Setup|x64.ActiveCfg = Debug|Any CPU
		{173905E2-2D0D-4C3A-BB13-66EAC6FDD859}.Setup|x64.Build.0 = Debug|Any CPU
		{173905E2-2D0D-4C3A-BB13-66EAC6FDD859}.Setup|x86.ActiveCfg = Debug|Any CPU
		{173905E2-2D0D-4C3A-BB13-66EAC6FDD859}.Setup|x86.Build.0 = Debug|Any CPU
		{173905E2-2D0D-4C3A-BB13-66EAC6FDD859}.Surface Graph Viewer - Debug|Any CPU.ActiveCfg = Debug|Any CPU
		{173905E2-2D0D-4C3A-BB13-66EAC6FDD859}.Surface Graph Viewer - Debug|Any CPU.Build.0 = Debug|Any CPU
		{173905E2-2D0D-4C3A-BB13-66EAC6FDD859}.Surface Graph Viewer - Debug|x64.ActiveCfg = Debug|Any CPU
		{173905E2-2D0D-4C3A-BB13-66EAC6FDD859}.Surface Graph Viewer - Debug|x64.Build.0 = Debug|Any CPU
		{173905E2-2D0D-4C3A-BB13-66EAC6FDD859}.Surface Graph Viewer - Debug|x86.ActiveCfg = Debug|Any CPU
		{173905E2-2D0D-4C3A-BB13-66EAC6FDD859}.Surface Graph Viewer - Debug|x86.Build.0 = Debug|Any CPU
		{173905E2-2D0D-4C3A-BB13-66EAC6FDD859}.Surface Graph Viewer - Release|Any CPU.ActiveCfg = Release|Any CPU
		{173905E2-2D0D-4C3A-BB13-66EAC6FDD859}.Surface Graph Viewer - Release|Any CPU.Build.0 = Release|Any CPU
		{173905E2-2D0D-4C3A-BB13-66EAC6FDD859}.Surface Graph Viewer - Release|x64.ActiveCfg = Release|Any CPU
		{173905E2-2D0D-4C3A-BB13-66EAC6FDD859}.Surface Graph Viewer - Release|x64.Build.0 = Release|Any CPU
		{173905E2-2D0D-4C3A-BB13-66EAC6FDD859}.Surface Graph Viewer - Release|x86.ActiveCfg = Release|Any CPU
		{173905E2-2D0D-4C3A-BB13-66EAC6FDD859}.Surface Graph Viewer - Release|x86.Build.0 = Release|Any CPU
		{F8CCFA18-264D-4995-A1FC-50D429F6AEEE}.CutRelease|Any CPU.ActiveCfg = Release|Any CPU
		{F8CCFA18-264D-4995-A1FC-50D429F6AEEE}.CutRelease|Any CPU.Build.0 = Release|Any CPU
		{F8CCFA18-264D-4995-A1FC-50D429F6AEEE}.CutRelease|x64.ActiveCfg = Release|Any CPU
		{F8CCFA18-264D-4995-A1FC-50D429F6AEEE}.CutRelease|x64.Build.0 = Release|Any CPU
		{F8CCFA18-264D-4995-A1FC-50D429F6AEEE}.CutRelease|x86.ActiveCfg = Release|Any CPU
		{F8CCFA18-264D-4995-A1FC-50D429F6AEEE}.CutRelease|x86.Build.0 = Release|Any CPU
		{F8CCFA18-264D-4995-A1FC-50D429F6AEEE}.Debug Surface Graph Viewer|Any CPU.ActiveCfg = Debug|Any CPU
		{F8CCFA18-264D-4995-A1FC-50D429F6AEEE}.Debug Surface Graph Viewer|Any CPU.Build.0 = Debug|Any CPU
		{F8CCFA18-264D-4995-A1FC-50D429F6AEEE}.Debug Surface Graph Viewer|x64.ActiveCfg = Debug|Any CPU
		{F8CCFA18-264D-4995-A1FC-50D429F6AEEE}.Debug Surface Graph Viewer|x64.Build.0 = Debug|Any CPU
		{F8CCFA18-264D-4995-A1FC-50D429F6AEEE}.Debug Surface Graph Viewer|x86.ActiveCfg = Debug|Any CPU
		{F8CCFA18-264D-4995-A1FC-50D429F6AEEE}.Debug Surface Graph Viewer|x86.Build.0 = Debug|Any CPU
		{F8CCFA18-264D-4995-A1FC-50D429F6AEEE}.Debug|Any CPU.ActiveCfg = Debug|Any CPU
		{F8CCFA18-264D-4995-A1FC-50D429F6AEEE}.Debug|Any CPU.Build.0 = Debug|Any CPU
		{F8CCFA18-264D-4995-A1FC-50D429F6AEEE}.Debug|x64.ActiveCfg = Debug|Any CPU
		{F8CCFA18-264D-4995-A1FC-50D429F6AEEE}.Debug|x64.Build.0 = Debug|Any CPU
		{F8CCFA18-264D-4995-A1FC-50D429F6AEEE}.Debug|x86.ActiveCfg = Debug|Any CPU
		{F8CCFA18-264D-4995-A1FC-50D429F6AEEE}.Debug|x86.Build.0 = Debug|Any CPU
		{F8CCFA18-264D-4995-A1FC-50D429F6AEEE}.DebugDevTrace|Any CPU.ActiveCfg = Debug|Any CPU
		{F8CCFA18-264D-4995-A1FC-50D429F6AEEE}.DebugDevTrace|Any CPU.Build.0 = Debug|Any CPU
		{F8CCFA18-264D-4995-A1FC-50D429F6AEEE}.DebugDevTrace|x64.ActiveCfg = Debug|Any CPU
		{F8CCFA18-264D-4995-A1FC-50D429F6AEEE}.DebugDevTrace|x64.Build.0 = Debug|Any CPU
		{F8CCFA18-264D-4995-A1FC-50D429F6AEEE}.DebugDevTrace|x86.ActiveCfg = Debug|Any CPU
		{F8CCFA18-264D-4995-A1FC-50D429F6AEEE}.DebugDevTrace|x86.Build.0 = Debug|Any CPU
		{F8CCFA18-264D-4995-A1FC-50D429F6AEEE}.DebugSurface|Any CPU.ActiveCfg = Debug|Any CPU
		{F8CCFA18-264D-4995-A1FC-50D429F6AEEE}.DebugSurface|Any CPU.Build.0 = Debug|Any CPU
		{F8CCFA18-264D-4995-A1FC-50D429F6AEEE}.DebugSurface|x64.ActiveCfg = Debug|Any CPU
		{F8CCFA18-264D-4995-A1FC-50D429F6AEEE}.DebugSurface|x64.Build.0 = Debug|Any CPU
		{F8CCFA18-264D-4995-A1FC-50D429F6AEEE}.DebugSurface|x86.ActiveCfg = Debug|Any CPU
		{F8CCFA18-264D-4995-A1FC-50D429F6AEEE}.DebugSurface|x86.Build.0 = Debug|Any CPU
		{F8CCFA18-264D-4995-A1FC-50D429F6AEEE}.DebugWithoutRebuild|Any CPU.ActiveCfg = Debug|Any CPU
		{F8CCFA18-264D-4995-A1FC-50D429F6AEEE}.DebugWithoutRebuild|Any CPU.Build.0 = Debug|Any CPU
		{F8CCFA18-264D-4995-A1FC-50D429F6AEEE}.DebugWithoutRebuild|x64.ActiveCfg = Debug|Any CPU
		{F8CCFA18-264D-4995-A1FC-50D429F6AEEE}.DebugWithoutRebuild|x64.Build.0 = Debug|Any CPU
		{F8CCFA18-264D-4995-A1FC-50D429F6AEEE}.DebugWithoutRebuild|x86.ActiveCfg = Debug|Any CPU
		{F8CCFA18-264D-4995-A1FC-50D429F6AEEE}.DebugWithoutRebuild|x86.Build.0 = Debug|Any CPU
		{F8CCFA18-264D-4995-A1FC-50D429F6AEEE}.MinimalMsagl|Any CPU.ActiveCfg = Debug|Any CPU
		{F8CCFA18-264D-4995-A1FC-50D429F6AEEE}.MinimalMsagl|Any CPU.Build.0 = Debug|Any CPU
		{F8CCFA18-264D-4995-A1FC-50D429F6AEEE}.MinimalMsagl|x64.ActiveCfg = Debug|Any CPU
		{F8CCFA18-264D-4995-A1FC-50D429F6AEEE}.MinimalMsagl|x64.Build.0 = Debug|Any CPU
		{F8CCFA18-264D-4995-A1FC-50D429F6AEEE}.MinimalMsagl|x86.ActiveCfg = Debug|Any CPU
		{F8CCFA18-264D-4995-A1FC-50D429F6AEEE}.MinimalMsagl|x86.Build.0 = Debug|Any CPU
		{F8CCFA18-264D-4995-A1FC-50D429F6AEEE}.Release|Any CPU.ActiveCfg = Release|Any CPU
		{F8CCFA18-264D-4995-A1FC-50D429F6AEEE}.Release|Any CPU.Build.0 = Release|Any CPU
		{F8CCFA18-264D-4995-A1FC-50D429F6AEEE}.Release|x64.ActiveCfg = Release|Any CPU
		{F8CCFA18-264D-4995-A1FC-50D429F6AEEE}.Release|x64.Build.0 = Release|Any CPU
		{F8CCFA18-264D-4995-A1FC-50D429F6AEEE}.Release|x86.ActiveCfg = Release|Any CPU
		{F8CCFA18-264D-4995-A1FC-50D429F6AEEE}.Release|x86.Build.0 = Release|Any CPU
		{F8CCFA18-264D-4995-A1FC-50D429F6AEEE}.Retail|Any CPU.ActiveCfg = Release|Any CPU
		{F8CCFA18-264D-4995-A1FC-50D429F6AEEE}.Retail|Any CPU.Build.0 = Release|Any CPU
		{F8CCFA18-264D-4995-A1FC-50D429F6AEEE}.Retail|x64.ActiveCfg = Release|Any CPU
		{F8CCFA18-264D-4995-A1FC-50D429F6AEEE}.Retail|x64.Build.0 = Release|Any CPU
		{F8CCFA18-264D-4995-A1FC-50D429F6AEEE}.Retail|x86.ActiveCfg = Release|Any CPU
		{F8CCFA18-264D-4995-A1FC-50D429F6AEEE}.Retail|x86.Build.0 = Release|Any CPU
		{F8CCFA18-264D-4995-A1FC-50D429F6AEEE}.Setup|Any CPU.ActiveCfg = Debug|Any CPU
		{F8CCFA18-264D-4995-A1FC-50D429F6AEEE}.Setup|Any CPU.Build.0 = Debug|Any CPU
		{F8CCFA18-264D-4995-A1FC-50D429F6AEEE}.Setup|x64.ActiveCfg = Debug|Any CPU
		{F8CCFA18-264D-4995-A1FC-50D429F6AEEE}.Setup|x64.Build.0 = Debug|Any CPU
		{F8CCFA18-264D-4995-A1FC-50D429F6AEEE}.Setup|x86.ActiveCfg = Debug|Any CPU
		{F8CCFA18-264D-4995-A1FC-50D429F6AEEE}.Setup|x86.Build.0 = Debug|Any CPU
		{F8CCFA18-264D-4995-A1FC-50D429F6AEEE}.Surface Graph Viewer - Debug|Any CPU.ActiveCfg = Debug|Any CPU
		{F8CCFA18-264D-4995-A1FC-50D429F6AEEE}.Surface Graph Viewer - Debug|Any CPU.Build.0 = Debug|Any CPU
		{F8CCFA18-264D-4995-A1FC-50D429F6AEEE}.Surface Graph Viewer - Debug|x64.ActiveCfg = Debug|Any CPU
		{F8CCFA18-264D-4995-A1FC-50D429F6AEEE}.Surface Graph Viewer - Debug|x64.Build.0 = Debug|Any CPU
		{F8CCFA18-264D-4995-A1FC-50D429F6AEEE}.Surface Graph Viewer - Debug|x86.ActiveCfg = Debug|Any CPU
		{F8CCFA18-264D-4995-A1FC-50D429F6AEEE}.Surface Graph Viewer - Debug|x86.Build.0 = Debug|Any CPU
		{F8CCFA18-264D-4995-A1FC-50D429F6AEEE}.Surface Graph Viewer - Release|Any CPU.ActiveCfg = Release|Any CPU
		{F8CCFA18-264D-4995-A1FC-50D429F6AEEE}.Surface Graph Viewer - Release|Any CPU.Build.0 = Release|Any CPU
		{F8CCFA18-264D-4995-A1FC-50D429F6AEEE}.Surface Graph Viewer - Release|x64.ActiveCfg = Release|Any CPU
		{F8CCFA18-264D-4995-A1FC-50D429F6AEEE}.Surface Graph Viewer - Release|x64.Build.0 = Release|Any CPU
		{F8CCFA18-264D-4995-A1FC-50D429F6AEEE}.Surface Graph Viewer - Release|x86.ActiveCfg = Release|Any CPU
		{F8CCFA18-264D-4995-A1FC-50D429F6AEEE}.Surface Graph Viewer - Release|x86.Build.0 = Release|Any CPU
		{3F1D3F90-9F85-4D65-9565-67D97674F72E}.CutRelease|Any CPU.ActiveCfg = Release|Any CPU
		{3F1D3F90-9F85-4D65-9565-67D97674F72E}.CutRelease|Any CPU.Build.0 = Release|Any CPU
		{3F1D3F90-9F85-4D65-9565-67D97674F72E}.CutRelease|x64.ActiveCfg = Release|Any CPU
		{3F1D3F90-9F85-4D65-9565-67D97674F72E}.CutRelease|x64.Build.0 = Release|Any CPU
		{3F1D3F90-9F85-4D65-9565-67D97674F72E}.CutRelease|x86.ActiveCfg = Release|Any CPU
		{3F1D3F90-9F85-4D65-9565-67D97674F72E}.CutRelease|x86.Build.0 = Release|Any CPU
		{3F1D3F90-9F85-4D65-9565-67D97674F72E}.Debug Surface Graph Viewer|Any CPU.ActiveCfg = Debug|Any CPU
		{3F1D3F90-9F85-4D65-9565-67D97674F72E}.Debug Surface Graph Viewer|Any CPU.Build.0 = Debug|Any CPU
		{3F1D3F90-9F85-4D65-9565-67D97674F72E}.Debug Surface Graph Viewer|x64.ActiveCfg = Debug|Any CPU
		{3F1D3F90-9F85-4D65-9565-67D97674F72E}.Debug Surface Graph Viewer|x64.Build.0 = Debug|Any CPU
		{3F1D3F90-9F85-4D65-9565-67D97674F72E}.Debug Surface Graph Viewer|x86.ActiveCfg = Debug|Any CPU
		{3F1D3F90-9F85-4D65-9565-67D97674F72E}.Debug Surface Graph Viewer|x86.Build.0 = Debug|Any CPU
		{3F1D3F90-9F85-4D65-9565-67D97674F72E}.Debug|Any CPU.ActiveCfg = Debug|Any CPU
		{3F1D3F90-9F85-4D65-9565-67D97674F72E}.Debug|Any CPU.Build.0 = Debug|Any CPU
		{3F1D3F90-9F85-4D65-9565-67D97674F72E}.Debug|x64.ActiveCfg = Debug|Any CPU
		{3F1D3F90-9F85-4D65-9565-67D97674F72E}.Debug|x64.Build.0 = Debug|Any CPU
		{3F1D3F90-9F85-4D65-9565-67D97674F72E}.Debug|x86.ActiveCfg = Debug|Any CPU
		{3F1D3F90-9F85-4D65-9565-67D97674F72E}.Debug|x86.Build.0 = Debug|Any CPU
		{3F1D3F90-9F85-4D65-9565-67D97674F72E}.DebugDevTrace|Any CPU.ActiveCfg = Debug|Any CPU
		{3F1D3F90-9F85-4D65-9565-67D97674F72E}.DebugDevTrace|Any CPU.Build.0 = Debug|Any CPU
		{3F1D3F90-9F85-4D65-9565-67D97674F72E}.DebugDevTrace|x64.ActiveCfg = Debug|Any CPU
		{3F1D3F90-9F85-4D65-9565-67D97674F72E}.DebugDevTrace|x64.Build.0 = Debug|Any CPU
		{3F1D3F90-9F85-4D65-9565-67D97674F72E}.DebugDevTrace|x86.ActiveCfg = Debug|Any CPU
		{3F1D3F90-9F85-4D65-9565-67D97674F72E}.DebugDevTrace|x86.Build.0 = Debug|Any CPU
		{3F1D3F90-9F85-4D65-9565-67D97674F72E}.DebugSurface|Any CPU.ActiveCfg = Debug|Any CPU
		{3F1D3F90-9F85-4D65-9565-67D97674F72E}.DebugSurface|Any CPU.Build.0 = Debug|Any CPU
		{3F1D3F90-9F85-4D65-9565-67D97674F72E}.DebugSurface|x64.ActiveCfg = Debug|Any CPU
		{3F1D3F90-9F85-4D65-9565-67D97674F72E}.DebugSurface|x64.Build.0 = Debug|Any CPU
		{3F1D3F90-9F85-4D65-9565-67D97674F72E}.DebugSurface|x86.ActiveCfg = Debug|Any CPU
		{3F1D3F90-9F85-4D65-9565-67D97674F72E}.DebugSurface|x86.Build.0 = Debug|Any CPU
		{3F1D3F90-9F85-4D65-9565-67D97674F72E}.DebugWithoutRebuild|Any CPU.ActiveCfg = Debug|Any CPU
		{3F1D3F90-9F85-4D65-9565-67D97674F72E}.DebugWithoutRebuild|Any CPU.Build.0 = Debug|Any CPU
		{3F1D3F90-9F85-4D65-9565-67D97674F72E}.DebugWithoutRebuild|x64.ActiveCfg = Debug|Any CPU
		{3F1D3F90-9F85-4D65-9565-67D97674F72E}.DebugWithoutRebuild|x64.Build.0 = Debug|Any CPU
		{3F1D3F90-9F85-4D65-9565-67D97674F72E}.DebugWithoutRebuild|x86.ActiveCfg = Debug|Any CPU
		{3F1D3F90-9F85-4D65-9565-67D97674F72E}.DebugWithoutRebuild|x86.Build.0 = Debug|Any CPU
		{3F1D3F90-9F85-4D65-9565-67D97674F72E}.MinimalMsagl|Any CPU.ActiveCfg = Debug|Any CPU
		{3F1D3F90-9F85-4D65-9565-67D97674F72E}.MinimalMsagl|Any CPU.Build.0 = Debug|Any CPU
		{3F1D3F90-9F85-4D65-9565-67D97674F72E}.MinimalMsagl|x64.ActiveCfg = Debug|Any CPU
		{3F1D3F90-9F85-4D65-9565-67D97674F72E}.MinimalMsagl|x64.Build.0 = Debug|Any CPU
		{3F1D3F90-9F85-4D65-9565-67D97674F72E}.MinimalMsagl|x86.ActiveCfg = Debug|Any CPU
		{3F1D3F90-9F85-4D65-9565-67D97674F72E}.MinimalMsagl|x86.Build.0 = Debug|Any CPU
		{3F1D3F90-9F85-4D65-9565-67D97674F72E}.Release|Any CPU.ActiveCfg = Release|Any CPU
		{3F1D3F90-9F85-4D65-9565-67D97674F72E}.Release|Any CPU.Build.0 = Release|Any CPU
		{3F1D3F90-9F85-4D65-9565-67D97674F72E}.Release|x64.ActiveCfg = Release|Any CPU
		{3F1D3F90-9F85-4D65-9565-67D97674F72E}.Release|x64.Build.0 = Release|Any CPU
		{3F1D3F90-9F85-4D65-9565-67D97674F72E}.Release|x86.ActiveCfg = Release|Any CPU
		{3F1D3F90-9F85-4D65-9565-67D97674F72E}.Release|x86.Build.0 = Release|Any CPU
		{3F1D3F90-9F85-4D65-9565-67D97674F72E}.Retail|Any CPU.ActiveCfg = Release|Any CPU
		{3F1D3F90-9F85-4D65-9565-67D97674F72E}.Retail|Any CPU.Build.0 = Release|Any CPU
		{3F1D3F90-9F85-4D65-9565-67D97674F72E}.Retail|x64.ActiveCfg = Release|Any CPU
		{3F1D3F90-9F85-4D65-9565-67D97674F72E}.Retail|x64.Build.0 = Release|Any CPU
		{3F1D3F90-9F85-4D65-9565-67D97674F72E}.Retail|x86.ActiveCfg = Release|Any CPU
		{3F1D3F90-9F85-4D65-9565-67D97674F72E}.Retail|x86.Build.0 = Release|Any CPU
		{3F1D3F90-9F85-4D65-9565-67D97674F72E}.Setup|Any CPU.ActiveCfg = Debug|Any CPU
		{3F1D3F90-9F85-4D65-9565-67D97674F72E}.Setup|Any CPU.Build.0 = Debug|Any CPU
		{3F1D3F90-9F85-4D65-9565-67D97674F72E}.Setup|x64.ActiveCfg = Debug|Any CPU
		{3F1D3F90-9F85-4D65-9565-67D97674F72E}.Setup|x64.Build.0 = Debug|Any CPU
		{3F1D3F90-9F85-4D65-9565-67D97674F72E}.Setup|x86.ActiveCfg = Debug|Any CPU
		{3F1D3F90-9F85-4D65-9565-67D97674F72E}.Setup|x86.Build.0 = Debug|Any CPU
		{3F1D3F90-9F85-4D65-9565-67D97674F72E}.Surface Graph Viewer - Debug|Any CPU.ActiveCfg = Debug|Any CPU
		{3F1D3F90-9F85-4D65-9565-67D97674F72E}.Surface Graph Viewer - Debug|Any CPU.Build.0 = Debug|Any CPU
		{3F1D3F90-9F85-4D65-9565-67D97674F72E}.Surface Graph Viewer - Debug|x64.ActiveCfg = Debug|Any CPU
		{3F1D3F90-9F85-4D65-9565-67D97674F72E}.Surface Graph Viewer - Debug|x64.Build.0 = Debug|Any CPU
		{3F1D3F90-9F85-4D65-9565-67D97674F72E}.Surface Graph Viewer - Debug|x86.ActiveCfg = Debug|Any CPU
		{3F1D3F90-9F85-4D65-9565-67D97674F72E}.Surface Graph Viewer - Debug|x86.Build.0 = Debug|Any CPU
		{3F1D3F90-9F85-4D65-9565-67D97674F72E}.Surface Graph Viewer - Release|Any CPU.ActiveCfg = Release|Any CPU
		{3F1D3F90-9F85-4D65-9565-67D97674F72E}.Surface Graph Viewer - Release|Any CPU.Build.0 = Release|Any CPU
		{3F1D3F90-9F85-4D65-9565-67D97674F72E}.Surface Graph Viewer - Release|x64.ActiveCfg = Release|Any CPU
		{3F1D3F90-9F85-4D65-9565-67D97674F72E}.Surface Graph Viewer - Release|x64.Build.0 = Release|Any CPU
		{3F1D3F90-9F85-4D65-9565-67D97674F72E}.Surface Graph Viewer - Release|x86.ActiveCfg = Release|Any CPU
		{3F1D3F90-9F85-4D65-9565-67D97674F72E}.Surface Graph Viewer - Release|x86.Build.0 = Release|Any CPU
		{02C62ED6-2E8E-4B7F-8878-C843A4013038}.CutRelease|Any CPU.ActiveCfg = Release|Any CPU
		{02C62ED6-2E8E-4B7F-8878-C843A4013038}.CutRelease|Any CPU.Build.0 = Release|Any CPU
		{02C62ED6-2E8E-4B7F-8878-C843A4013038}.CutRelease|x64.ActiveCfg = Release|Any CPU
		{02C62ED6-2E8E-4B7F-8878-C843A4013038}.CutRelease|x64.Build.0 = Release|Any CPU
		{02C62ED6-2E8E-4B7F-8878-C843A4013038}.CutRelease|x86.ActiveCfg = Release|Any CPU
		{02C62ED6-2E8E-4B7F-8878-C843A4013038}.CutRelease|x86.Build.0 = Release|Any CPU
		{02C62ED6-2E8E-4B7F-8878-C843A4013038}.Debug Surface Graph Viewer|Any CPU.ActiveCfg = Debug|Any CPU
		{02C62ED6-2E8E-4B7F-8878-C843A4013038}.Debug Surface Graph Viewer|Any CPU.Build.0 = Debug|Any CPU
		{02C62ED6-2E8E-4B7F-8878-C843A4013038}.Debug Surface Graph Viewer|x64.ActiveCfg = Debug|Any CPU
		{02C62ED6-2E8E-4B7F-8878-C843A4013038}.Debug Surface Graph Viewer|x64.Build.0 = Debug|Any CPU
		{02C62ED6-2E8E-4B7F-8878-C843A4013038}.Debug Surface Graph Viewer|x86.ActiveCfg = Debug|Any CPU
		{02C62ED6-2E8E-4B7F-8878-C843A4013038}.Debug Surface Graph Viewer|x86.Build.0 = Debug|Any CPU
		{02C62ED6-2E8E-4B7F-8878-C843A4013038}.Debug|Any CPU.ActiveCfg = Debug|Any CPU
		{02C62ED6-2E8E-4B7F-8878-C843A4013038}.Debug|Any CPU.Build.0 = Debug|Any CPU
		{02C62ED6-2E8E-4B7F-8878-C843A4013038}.Debug|x64.ActiveCfg = Debug|Any CPU
		{02C62ED6-2E8E-4B7F-8878-C843A4013038}.Debug|x64.Build.0 = Debug|Any CPU
		{02C62ED6-2E8E-4B7F-8878-C843A4013038}.Debug|x86.ActiveCfg = Debug|Any CPU
		{02C62ED6-2E8E-4B7F-8878-C843A4013038}.Debug|x86.Build.0 = Debug|Any CPU
		{02C62ED6-2E8E-4B7F-8878-C843A4013038}.DebugDevTrace|Any CPU.ActiveCfg = Debug|Any CPU
		{02C62ED6-2E8E-4B7F-8878-C843A4013038}.DebugDevTrace|Any CPU.Build.0 = Debug|Any CPU
		{02C62ED6-2E8E-4B7F-8878-C843A4013038}.DebugDevTrace|x64.ActiveCfg = Debug|Any CPU
		{02C62ED6-2E8E-4B7F-8878-C843A4013038}.DebugDevTrace|x64.Build.0 = Debug|Any CPU
		{02C62ED6-2E8E-4B7F-8878-C843A4013038}.DebugDevTrace|x86.ActiveCfg = Debug|Any CPU
		{02C62ED6-2E8E-4B7F-8878-C843A4013038}.DebugDevTrace|x86.Build.0 = Debug|Any CPU
		{02C62ED6-2E8E-4B7F-8878-C843A4013038}.DebugSurface|Any CPU.ActiveCfg = Debug|Any CPU
		{02C62ED6-2E8E-4B7F-8878-C843A4013038}.DebugSurface|Any CPU.Build.0 = Debug|Any CPU
		{02C62ED6-2E8E-4B7F-8878-C843A4013038}.DebugSurface|x64.ActiveCfg = Debug|Any CPU
		{02C62ED6-2E8E-4B7F-8878-C843A4013038}.DebugSurface|x64.Build.0 = Debug|Any CPU
		{02C62ED6-2E8E-4B7F-8878-C843A4013038}.DebugSurface|x86.ActiveCfg = Debug|Any CPU
		{02C62ED6-2E8E-4B7F-8878-C843A4013038}.DebugSurface|x86.Build.0 = Debug|Any CPU
		{02C62ED6-2E8E-4B7F-8878-C843A4013038}.DebugWithoutRebuild|Any CPU.ActiveCfg = Debug|Any CPU
		{02C62ED6-2E8E-4B7F-8878-C843A4013038}.DebugWithoutRebuild|Any CPU.Build.0 = Debug|Any CPU
		{02C62ED6-2E8E-4B7F-8878-C843A4013038}.DebugWithoutRebuild|x64.ActiveCfg = Debug|Any CPU
		{02C62ED6-2E8E-4B7F-8878-C843A4013038}.DebugWithoutRebuild|x64.Build.0 = Debug|Any CPU
		{02C62ED6-2E8E-4B7F-8878-C843A4013038}.DebugWithoutRebuild|x86.ActiveCfg = Debug|Any CPU
		{02C62ED6-2E8E-4B7F-8878-C843A4013038}.DebugWithoutRebuild|x86.Build.0 = Debug|Any CPU
		{02C62ED6-2E8E-4B7F-8878-C843A4013038}.MinimalMsagl|Any CPU.ActiveCfg = Debug|Any CPU
		{02C62ED6-2E8E-4B7F-8878-C843A4013038}.MinimalMsagl|Any CPU.Build.0 = Debug|Any CPU
		{02C62ED6-2E8E-4B7F-8878-C843A4013038}.MinimalMsagl|x64.ActiveCfg = Debug|Any CPU
		{02C62ED6-2E8E-4B7F-8878-C843A4013038}.MinimalMsagl|x64.Build.0 = Debug|Any CPU
		{02C62ED6-2E8E-4B7F-8878-C843A4013038}.MinimalMsagl|x86.ActiveCfg = Debug|Any CPU
		{02C62ED6-2E8E-4B7F-8878-C843A4013038}.MinimalMsagl|x86.Build.0 = Debug|Any CPU
		{02C62ED6-2E8E-4B7F-8878-C843A4013038}.Release|Any CPU.ActiveCfg = Release|Any CPU
		{02C62ED6-2E8E-4B7F-8878-C843A4013038}.Release|Any CPU.Build.0 = Release|Any CPU
		{02C62ED6-2E8E-4B7F-8878-C843A4013038}.Release|x64.ActiveCfg = Release|Any CPU
		{02C62ED6-2E8E-4B7F-8878-C843A4013038}.Release|x64.Build.0 = Release|Any CPU
		{02C62ED6-2E8E-4B7F-8878-C843A4013038}.Release|x86.ActiveCfg = Release|Any CPU
		{02C62ED6-2E8E-4B7F-8878-C843A4013038}.Release|x86.Build.0 = Release|Any CPU
		{02C62ED6-2E8E-4B7F-8878-C843A4013038}.Retail|Any CPU.ActiveCfg = Release|Any CPU
		{02C62ED6-2E8E-4B7F-8878-C843A4013038}.Retail|Any CPU.Build.0 = Release|Any CPU
		{02C62ED6-2E8E-4B7F-8878-C843A4013038}.Retail|x64.ActiveCfg = Release|Any CPU
		{02C62ED6-2E8E-4B7F-8878-C843A4013038}.Retail|x64.Build.0 = Release|Any CPU
		{02C62ED6-2E8E-4B7F-8878-C843A4013038}.Retail|x86.ActiveCfg = Release|Any CPU
		{02C62ED6-2E8E-4B7F-8878-C843A4013038}.Retail|x86.Build.0 = Release|Any CPU
		{02C62ED6-2E8E-4B7F-8878-C843A4013038}.Setup|Any CPU.ActiveCfg = Debug|Any CPU
		{02C62ED6-2E8E-4B7F-8878-C843A4013038}.Setup|Any CPU.Build.0 = Debug|Any CPU
		{02C62ED6-2E8E-4B7F-8878-C843A4013038}.Setup|x64.ActiveCfg = Debug|Any CPU
		{02C62ED6-2E8E-4B7F-8878-C843A4013038}.Setup|x64.Build.0 = Debug|Any CPU
		{02C62ED6-2E8E-4B7F-8878-C843A4013038}.Setup|x86.ActiveCfg = Debug|Any CPU
		{02C62ED6-2E8E-4B7F-8878-C843A4013038}.Setup|x86.Build.0 = Debug|Any CPU
		{02C62ED6-2E8E-4B7F-8878-C843A4013038}.Surface Graph Viewer - Debug|Any CPU.ActiveCfg = Debug|Any CPU
		{02C62ED6-2E8E-4B7F-8878-C843A4013038}.Surface Graph Viewer - Debug|Any CPU.Build.0 = Debug|Any CPU
		{02C62ED6-2E8E-4B7F-8878-C843A4013038}.Surface Graph Viewer - Debug|x64.ActiveCfg = Debug|Any CPU
		{02C62ED6-2E8E-4B7F-8878-C843A4013038}.Surface Graph Viewer - Debug|x64.Build.0 = Debug|Any CPU
		{02C62ED6-2E8E-4B7F-8878-C843A4013038}.Surface Graph Viewer - Debug|x86.ActiveCfg = Debug|Any CPU
		{02C62ED6-2E8E-4B7F-8878-C843A4013038}.Surface Graph Viewer - Debug|x86.Build.0 = Debug|Any CPU
		{02C62ED6-2E8E-4B7F-8878-C843A4013038}.Surface Graph Viewer - Release|Any CPU.ActiveCfg = Release|Any CPU
		{02C62ED6-2E8E-4B7F-8878-C843A4013038}.Surface Graph Viewer - Release|Any CPU.Build.0 = Release|Any CPU
		{02C62ED6-2E8E-4B7F-8878-C843A4013038}.Surface Graph Viewer - Release|x64.ActiveCfg = Release|Any CPU
		{02C62ED6-2E8E-4B7F-8878-C843A4013038}.Surface Graph Viewer - Release|x64.Build.0 = Release|Any CPU
		{02C62ED6-2E8E-4B7F-8878-C843A4013038}.Surface Graph Viewer - Release|x86.ActiveCfg = Release|Any CPU
		{02C62ED6-2E8E-4B7F-8878-C843A4013038}.Surface Graph Viewer - Release|x86.Build.0 = Release|Any CPU
		{0B0D3AD4-3497-42CC-A8B4-AA1BFB1C7A1D}.CutRelease|Any CPU.ActiveCfg = Release|Any CPU
		{0B0D3AD4-3497-42CC-A8B4-AA1BFB1C7A1D}.CutRelease|Any CPU.Build.0 = Release|Any CPU
		{0B0D3AD4-3497-42CC-A8B4-AA1BFB1C7A1D}.CutRelease|x64.ActiveCfg = Release|Any CPU
		{0B0D3AD4-3497-42CC-A8B4-AA1BFB1C7A1D}.CutRelease|x64.Build.0 = Release|Any CPU
		{0B0D3AD4-3497-42CC-A8B4-AA1BFB1C7A1D}.CutRelease|x86.ActiveCfg = Release|Any CPU
		{0B0D3AD4-3497-42CC-A8B4-AA1BFB1C7A1D}.CutRelease|x86.Build.0 = Release|Any CPU
		{0B0D3AD4-3497-42CC-A8B4-AA1BFB1C7A1D}.Debug Surface Graph Viewer|Any CPU.ActiveCfg = Debug|Any CPU
		{0B0D3AD4-3497-42CC-A8B4-AA1BFB1C7A1D}.Debug Surface Graph Viewer|Any CPU.Build.0 = Debug|Any CPU
		{0B0D3AD4-3497-42CC-A8B4-AA1BFB1C7A1D}.Debug Surface Graph Viewer|x64.ActiveCfg = Debug|Any CPU
		{0B0D3AD4-3497-42CC-A8B4-AA1BFB1C7A1D}.Debug Surface Graph Viewer|x64.Build.0 = Debug|Any CPU
		{0B0D3AD4-3497-42CC-A8B4-AA1BFB1C7A1D}.Debug Surface Graph Viewer|x86.ActiveCfg = Debug|Any CPU
		{0B0D3AD4-3497-42CC-A8B4-AA1BFB1C7A1D}.Debug Surface Graph Viewer|x86.Build.0 = Debug|Any CPU
		{0B0D3AD4-3497-42CC-A8B4-AA1BFB1C7A1D}.Debug|Any CPU.ActiveCfg = Debug|Any CPU
		{0B0D3AD4-3497-42CC-A8B4-AA1BFB1C7A1D}.Debug|Any CPU.Build.0 = Debug|Any CPU
		{0B0D3AD4-3497-42CC-A8B4-AA1BFB1C7A1D}.Debug|x64.ActiveCfg = Debug|Any CPU
		{0B0D3AD4-3497-42CC-A8B4-AA1BFB1C7A1D}.Debug|x64.Build.0 = Debug|Any CPU
		{0B0D3AD4-3497-42CC-A8B4-AA1BFB1C7A1D}.Debug|x86.ActiveCfg = Debug|Any CPU
		{0B0D3AD4-3497-42CC-A8B4-AA1BFB1C7A1D}.Debug|x86.Build.0 = Debug|Any CPU
		{0B0D3AD4-3497-42CC-A8B4-AA1BFB1C7A1D}.DebugDevTrace|Any CPU.ActiveCfg = Debug|Any CPU
		{0B0D3AD4-3497-42CC-A8B4-AA1BFB1C7A1D}.DebugDevTrace|Any CPU.Build.0 = Debug|Any CPU
		{0B0D3AD4-3497-42CC-A8B4-AA1BFB1C7A1D}.DebugDevTrace|x64.ActiveCfg = Debug|Any CPU
		{0B0D3AD4-3497-42CC-A8B4-AA1BFB1C7A1D}.DebugDevTrace|x64.Build.0 = Debug|Any CPU
		{0B0D3AD4-3497-42CC-A8B4-AA1BFB1C7A1D}.DebugDevTrace|x86.ActiveCfg = Debug|Any CPU
		{0B0D3AD4-3497-42CC-A8B4-AA1BFB1C7A1D}.DebugDevTrace|x86.Build.0 = Debug|Any CPU
		{0B0D3AD4-3497-42CC-A8B4-AA1BFB1C7A1D}.DebugSurface|Any CPU.ActiveCfg = Debug|Any CPU
		{0B0D3AD4-3497-42CC-A8B4-AA1BFB1C7A1D}.DebugSurface|Any CPU.Build.0 = Debug|Any CPU
		{0B0D3AD4-3497-42CC-A8B4-AA1BFB1C7A1D}.DebugSurface|x64.ActiveCfg = Debug|Any CPU
		{0B0D3AD4-3497-42CC-A8B4-AA1BFB1C7A1D}.DebugSurface|x64.Build.0 = Debug|Any CPU
		{0B0D3AD4-3497-42CC-A8B4-AA1BFB1C7A1D}.DebugSurface|x86.ActiveCfg = Debug|Any CPU
		{0B0D3AD4-3497-42CC-A8B4-AA1BFB1C7A1D}.DebugSurface|x86.Build.0 = Debug|Any CPU
		{0B0D3AD4-3497-42CC-A8B4-AA1BFB1C7A1D}.DebugWithoutRebuild|Any CPU.ActiveCfg = Debug|Any CPU
		{0B0D3AD4-3497-42CC-A8B4-AA1BFB1C7A1D}.DebugWithoutRebuild|Any CPU.Build.0 = Debug|Any CPU
		{0B0D3AD4-3497-42CC-A8B4-AA1BFB1C7A1D}.DebugWithoutRebuild|x64.ActiveCfg = Debug|Any CPU
		{0B0D3AD4-3497-42CC-A8B4-AA1BFB1C7A1D}.DebugWithoutRebuild|x64.Build.0 = Debug|Any CPU
		{0B0D3AD4-3497-42CC-A8B4-AA1BFB1C7A1D}.DebugWithoutRebuild|x86.ActiveCfg = Debug|Any CPU
		{0B0D3AD4-3497-42CC-A8B4-AA1BFB1C7A1D}.DebugWithoutRebuild|x86.Build.0 = Debug|Any CPU
		{0B0D3AD4-3497-42CC-A8B4-AA1BFB1C7A1D}.MinimalMsagl|Any CPU.ActiveCfg = Debug|Any CPU
		{0B0D3AD4-3497-42CC-A8B4-AA1BFB1C7A1D}.MinimalMsagl|Any CPU.Build.0 = Debug|Any CPU
		{0B0D3AD4-3497-42CC-A8B4-AA1BFB1C7A1D}.MinimalMsagl|x64.ActiveCfg = Debug|Any CPU
		{0B0D3AD4-3497-42CC-A8B4-AA1BFB1C7A1D}.MinimalMsagl|x64.Build.0 = Debug|Any CPU
		{0B0D3AD4-3497-42CC-A8B4-AA1BFB1C7A1D}.MinimalMsagl|x86.ActiveCfg = Debug|Any CPU
		{0B0D3AD4-3497-42CC-A8B4-AA1BFB1C7A1D}.MinimalMsagl|x86.Build.0 = Debug|Any CPU
		{0B0D3AD4-3497-42CC-A8B4-AA1BFB1C7A1D}.Release|Any CPU.ActiveCfg = Release|Any CPU
		{0B0D3AD4-3497-42CC-A8B4-AA1BFB1C7A1D}.Release|Any CPU.Build.0 = Release|Any CPU
		{0B0D3AD4-3497-42CC-A8B4-AA1BFB1C7A1D}.Release|x64.ActiveCfg = Release|Any CPU
		{0B0D3AD4-3497-42CC-A8B4-AA1BFB1C7A1D}.Release|x64.Build.0 = Release|Any CPU
		{0B0D3AD4-3497-42CC-A8B4-AA1BFB1C7A1D}.Release|x86.ActiveCfg = Release|Any CPU
		{0B0D3AD4-3497-42CC-A8B4-AA1BFB1C7A1D}.Release|x86.Build.0 = Release|Any CPU
		{0B0D3AD4-3497-42CC-A8B4-AA1BFB1C7A1D}.Retail|Any CPU.ActiveCfg = Release|Any CPU
		{0B0D3AD4-3497-42CC-A8B4-AA1BFB1C7A1D}.Retail|Any CPU.Build.0 = Release|Any CPU
		{0B0D3AD4-3497-42CC-A8B4-AA1BFB1C7A1D}.Retail|x64.ActiveCfg = Release|Any CPU
		{0B0D3AD4-3497-42CC-A8B4-AA1BFB1C7A1D}.Retail|x64.Build.0 = Release|Any CPU
		{0B0D3AD4-3497-42CC-A8B4-AA1BFB1C7A1D}.Retail|x86.ActiveCfg = Release|Any CPU
		{0B0D3AD4-3497-42CC-A8B4-AA1BFB1C7A1D}.Retail|x86.Build.0 = Release|Any CPU
		{0B0D3AD4-3497-42CC-A8B4-AA1BFB1C7A1D}.Setup|Any CPU.ActiveCfg = Debug|Any CPU
		{0B0D3AD4-3497-42CC-A8B4-AA1BFB1C7A1D}.Setup|Any CPU.Build.0 = Debug|Any CPU
		{0B0D3AD4-3497-42CC-A8B4-AA1BFB1C7A1D}.Setup|x64.ActiveCfg = Debug|Any CPU
		{0B0D3AD4-3497-42CC-A8B4-AA1BFB1C7A1D}.Setup|x64.Build.0 = Debug|Any CPU
		{0B0D3AD4-3497-42CC-A8B4-AA1BFB1C7A1D}.Setup|x86.ActiveCfg = Debug|Any CPU
		{0B0D3AD4-3497-42CC-A8B4-AA1BFB1C7A1D}.Setup|x86.Build.0 = Debug|Any CPU
		{0B0D3AD4-3497-42CC-A8B4-AA1BFB1C7A1D}.Surface Graph Viewer - Debug|Any CPU.ActiveCfg = Debug|Any CPU
		{0B0D3AD4-3497-42CC-A8B4-AA1BFB1C7A1D}.Surface Graph Viewer - Debug|Any CPU.Build.0 = Debug|Any CPU
		{0B0D3AD4-3497-42CC-A8B4-AA1BFB1C7A1D}.Surface Graph Viewer - Debug|x64.ActiveCfg = Debug|Any CPU
		{0B0D3AD4-3497-42CC-A8B4-AA1BFB1C7A1D}.Surface Graph Viewer - Debug|x64.Build.0 = Debug|Any CPU
		{0B0D3AD4-3497-42CC-A8B4-AA1BFB1C7A1D}.Surface Graph Viewer - Debug|x86.ActiveCfg = Debug|Any CPU
		{0B0D3AD4-3497-42CC-A8B4-AA1BFB1C7A1D}.Surface Graph Viewer - Debug|x86.Build.0 = Debug|Any CPU
		{0B0D3AD4-3497-42CC-A8B4-AA1BFB1C7A1D}.Surface Graph Viewer - Release|Any CPU.ActiveCfg = Release|Any CPU
		{0B0D3AD4-3497-42CC-A8B4-AA1BFB1C7A1D}.Surface Graph Viewer - Release|Any CPU.Build.0 = Release|Any CPU
		{0B0D3AD4-3497-42CC-A8B4-AA1BFB1C7A1D}.Surface Graph Viewer - Release|x64.ActiveCfg = Release|Any CPU
		{0B0D3AD4-3497-42CC-A8B4-AA1BFB1C7A1D}.Surface Graph Viewer - Release|x64.Build.0 = Release|Any CPU
		{0B0D3AD4-3497-42CC-A8B4-AA1BFB1C7A1D}.Surface Graph Viewer - Release|x86.ActiveCfg = Release|Any CPU
		{0B0D3AD4-3497-42CC-A8B4-AA1BFB1C7A1D}.Surface Graph Viewer - Release|x86.Build.0 = Release|Any CPU
	EndGlobalSection
	GlobalSection(SolutionProperties) = preSolution
		HideSolutionNode = FALSE
	EndGlobalSection
	GlobalSection(NestedProjects) = preSolution
		{B352375B-7C58-4943-95C0-14871E17A208} = {070BAC2A-AFC7-477E-84C4-2438F00551C4}
		{ED0453C7-C25A-4354-AC7A-046846D5E7FF} = {070BAC2A-AFC7-477E-84C4-2438F00551C4}
		{25099D9A-CB93-43D8-BB4A-CE08945644A8} = {F09D49BE-8382-477A-AE4A-F89346B56471}
		{C80E4DF4-82BE-47E7-884A-237E367B4066} = {F09D49BE-8382-477A-AE4A-F89346B56471}
		{BA1D4351-21AF-42E8-A7E3-DC899FA1E129} = {F09D49BE-8382-477A-AE4A-F89346B56471}
		{173905E2-2D0D-4C3A-BB13-66EAC6FDD859} = {F09D49BE-8382-477A-AE4A-F89346B56471}
		{F8CCFA18-264D-4995-A1FC-50D429F6AEEE} = {33D0FC38-3145-4846-B6F5-258E835BA95D}
		{3F1D3F90-9F85-4D65-9565-67D97674F72E} = {33D0FC38-3145-4846-B6F5-258E835BA95D}
		{02C62ED6-2E8E-4B7F-8878-C843A4013038} = {33D0FC38-3145-4846-B6F5-258E835BA95D}
		{0B0D3AD4-3497-42CC-A8B4-AA1BFB1C7A1D} = {33D0FC38-3145-4846-B6F5-258E835BA95D}
	EndGlobalSection
	GlobalSection(ExtensibilityGlobals) = postSolution
		SolutionGuid = {E879D38A-1C2C-4D71-8FE6-1DECA908D1BA}
	EndGlobalSection
EndGlobal
